// !$*UTF8*$!
{
	archiveVersion = 1;
	classes = {
	};
	objectVersion = 46;
	objects = {

/* Begin PBXBuildFile section */
		04B9D77C1C932F1000595BA2 /* main.m in Sources */ = {isa = PBXBuildFile; fileRef = 04B9D77B1C932F1000595BA2 /* main.m */; };
		04B9D77F1C932F1100595BA2 /* AppDelegate.m in Sources */ = {isa = PBXBuildFile; fileRef = 04B9D77E1C932F1100595BA2 /* AppDelegate.m */; };
		04B9D7821C932F1100595BA2 /* ViewController.m in Sources */ = {isa = PBXBuildFile; fileRef = 04B9D7811C932F1100595BA2 /* ViewController.m */; };
		04B9D7851C932F1100595BA2 /* Main.storyboard in Resources */ = {isa = PBXBuildFile; fileRef = 04B9D7831C932F1100595BA2 /* Main.storyboard */; };
		04B9D7871C932F1100595BA2 /* Assets.xcassets in Resources */ = {isa = PBXBuildFile; fileRef = 04B9D7861C932F1100595BA2 /* Assets.xcassets */; };
		04B9D78A1C932F1100595BA2 /* LaunchScreen.storyboard in Resources */ = {isa = PBXBuildFile; fileRef = 04B9D7881C932F1100595BA2 /* LaunchScreen.storyboard */; };
		04B9D7951C932F1100595BA2 /* ThreeEatTests.m in Sources */ = {isa = PBXBuildFile; fileRef = 04B9D7941C932F1100595BA2 /* ThreeEatTests.m */; };
		04B9D7A01C932F1100595BA2 /* ThreeEatUITests.m in Sources */ = {isa = PBXBuildFile; fileRef = 04B9D79F1C932F1100595BA2 /* ThreeEatUITests.m */; };
		04B9D7AF1C970A7C00595BA2 /* BannerModel.m in Sources */ = {isa = PBXBuildFile; fileRef = 04B9D7AE1C970A7C00595BA2 /* BannerModel.m */; };
		04B9D8411C970F1E00595BA2 /* AdView.m in Sources */ = {isa = PBXBuildFile; fileRef = 04B9D81E1C970F1E00595BA2 /* AdView.m */; };
		04B9D8421C970F1E00595BA2 /* MKAnnotationView+WebCache.m in Sources */ = {isa = PBXBuildFile; fileRef = 04B9D8211C970F1E00595BA2 /* MKAnnotationView+WebCache.m */; };
		04B9D8431C970F1E00595BA2 /* NSData+ImageContentType.m in Sources */ = {isa = PBXBuildFile; fileRef = 04B9D8231C970F1E00595BA2 /* NSData+ImageContentType.m */; };
		04B9D8441C970F1E00595BA2 /* SDImageCache.m in Sources */ = {isa = PBXBuildFile; fileRef = 04B9D8251C970F1E00595BA2 /* SDImageCache.m */; };
		04B9D8451C970F1E00595BA2 /* SDWebImageCompat.m in Sources */ = {isa = PBXBuildFile; fileRef = 04B9D8271C970F1E00595BA2 /* SDWebImageCompat.m */; };
		04B9D8461C970F1E00595BA2 /* SDWebImageDecoder.m in Sources */ = {isa = PBXBuildFile; fileRef = 04B9D8291C970F1E00595BA2 /* SDWebImageDecoder.m */; };
		04B9D8471C970F1E00595BA2 /* SDWebImageDownloader.m in Sources */ = {isa = PBXBuildFile; fileRef = 04B9D82B1C970F1E00595BA2 /* SDWebImageDownloader.m */; };
		04B9D8481C970F1E00595BA2 /* SDWebImageDownloaderOperation.m in Sources */ = {isa = PBXBuildFile; fileRef = 04B9D82D1C970F1E00595BA2 /* SDWebImageDownloaderOperation.m */; };
		04B9D8491C970F1E00595BA2 /* SDWebImageManager.m in Sources */ = {isa = PBXBuildFile; fileRef = 04B9D82F1C970F1E00595BA2 /* SDWebImageManager.m */; };
		04B9D84A1C970F1E00595BA2 /* SDWebImagePrefetcher.m in Sources */ = {isa = PBXBuildFile; fileRef = 04B9D8321C970F1E00595BA2 /* SDWebImagePrefetcher.m */; };
		04B9D84B1C970F1E00595BA2 /* UIButton+WebCache.m in Sources */ = {isa = PBXBuildFile; fileRef = 04B9D8341C970F1E00595BA2 /* UIButton+WebCache.m */; };
		04B9D84C1C970F1E00595BA2 /* UIImage+GIF.m in Sources */ = {isa = PBXBuildFile; fileRef = 04B9D8361C970F1E00595BA2 /* UIImage+GIF.m */; };
		04B9D84D1C970F1E00595BA2 /* UIImage+MultiFormat.m in Sources */ = {isa = PBXBuildFile; fileRef = 04B9D8381C970F1E00595BA2 /* UIImage+MultiFormat.m */; };
		04B9D84E1C970F1E00595BA2 /* UIImage+WebP.m in Sources */ = {isa = PBXBuildFile; fileRef = 04B9D83A1C970F1E00595BA2 /* UIImage+WebP.m */; };
		04B9D84F1C970F1E00595BA2 /* UIImageView+HighlightedWebCache.m in Sources */ = {isa = PBXBuildFile; fileRef = 04B9D83C1C970F1E00595BA2 /* UIImageView+HighlightedWebCache.m */; };
		04B9D8501C970F1E00595BA2 /* UIImageView+WebCache.m in Sources */ = {isa = PBXBuildFile; fileRef = 04B9D83E1C970F1E00595BA2 /* UIImageView+WebCache.m */; };
		04B9D8511C970F1E00595BA2 /* UIView+WebCacheOperation.m in Sources */ = {isa = PBXBuildFile; fileRef = 04B9D8401C970F1E00595BA2 /* UIView+WebCacheOperation.m */; };
		96031F411C99472600330692 /* NSString+Extend.m in Sources */ = {isa = PBXBuildFile; fileRef = 96031F401C99472600330692 /* NSString+Extend.m */; };
		96038F971C9824CC00950A79 /* CHTCollectionViewWaterfallCell.m in Sources */ = {isa = PBXBuildFile; fileRef = 96038F901C9824CC00950A79 /* CHTCollectionViewWaterfallCell.m */; };
		96038F981C9824CC00950A79 /* CHTCollectionViewWaterfallFooter.m in Sources */ = {isa = PBXBuildFile; fileRef = 96038F921C9824CC00950A79 /* CHTCollectionViewWaterfallFooter.m */; };
		96038F991C9824CC00950A79 /* CHTCollectionViewWaterfallHeader.m in Sources */ = {isa = PBXBuildFile; fileRef = 96038F941C9824CC00950A79 /* CHTCollectionViewWaterfallHeader.m */; };
		96038F9A1C9824CC00950A79 /* CHTCollectionViewWaterfallLayout.m in Sources */ = {isa = PBXBuildFile; fileRef = 96038F961C9824CC00950A79 /* CHTCollectionViewWaterfallLayout.m */; };
		96CF81F61C9683E10038FD97 /* BaseViewController.m in Sources */ = {isa = PBXBuildFile; fileRef = 96CF81B71C9683E10038FD97 /* BaseViewController.m */; };
		96CF81F81C9683E10038FD97 /* Common.m in Sources */ = {isa = PBXBuildFile; fileRef = 96CF81BB1C9683E10038FD97 /* Common.m */; };
		96CF81F91C9683E10038FD97 /* HexStringToColor.m in Sources */ = {isa = PBXBuildFile; fileRef = 96CF81BD1C9683E10038FD97 /* HexStringToColor.m */; };
		96CF81FA1C9683E10038FD97 /* SecurityMD5.m in Sources */ = {isa = PBXBuildFile; fileRef = 96CF81BF1C9683E10038FD97 /* SecurityMD5.m */; };
		96CF81FB1C9683E10038FD97 /* TextFieldVerified.m in Sources */ = {isa = PBXBuildFile; fileRef = 96CF81C11C9683E10038FD97 /* TextFieldVerified.m */; };
		96CF81FC1C9683E10038FD97 /* MBProgressHUD.m in Sources */ = {isa = PBXBuildFile; fileRef = 96CF81C51C9683E10038FD97 /* MBProgressHUD.m */; };
		96CF81FD1C9683E10038FD97 /* 1、ShareMenuView.png in Resources */ = {isa = PBXBuildFile; fileRef = 96CF81C81C9683E10038FD97 /* 1、ShareMenuView.png */; };
		96CF81FE1C9683E10038FD97 /* 2、ShareContentView.png in Resources */ = {isa = PBXBuildFile; fileRef = 96CF81C91C9683E10038FD97 /* 2、ShareContentView.png */; };
		96CF81FF1C9683E10038FD97 /* User Guide.webloc in Resources */ = {isa = PBXBuildFile; fileRef = 96CF81CA1C9683E10038FD97 /* User Guide.webloc */; };
		96CF82051C9683E10038FD97 /* ShareSDKLocalizable.strings in Resources */ = {isa = PBXBuildFile; fileRef = 96CF81D31C9683E10038FD97 /* ShareSDKLocalizable.strings */; };
		96CF82071C9683E10038FD97 /* Resource.bundle in Resources */ = {isa = PBXBuildFile; fileRef = 96CF81D61C9683E10038FD97 /* Resource.bundle */; };
		96CF820A1C9683E10038FD97 /* TencentOpenApi_IOS_Bundle.bundle in Resources */ = {isa = PBXBuildFile; fileRef = 96CF81DC1C9683E10038FD97 /* TencentOpenApi_IOS_Bundle.bundle */; };
		96CF820C1C9683E20038FD97 /* WeiboSDK.bundle in Resources */ = {isa = PBXBuildFile; fileRef = 96CF81E71C9683E10038FD97 /* WeiboSDK.bundle */; };
		96CF820F1C9683E20038FD97 /* ShareSDKFlatShareViewUI.bundle in Resources */ = {isa = PBXBuildFile; fileRef = 96CF81F01C9683E10038FD97 /* ShareSDKFlatShareViewUI.bundle */; };
		96CF82121C9683E20038FD97 /* Util.m in Sources */ = {isa = PBXBuildFile; fileRef = 96CF81F51C9683E10038FD97 /* Util.m */; };
		96CF82211C9685430038FD97 /* HomeViewController.m in Sources */ = {isa = PBXBuildFile; fileRef = 96CF82201C9685430038FD97 /* HomeViewController.m */; };
		96CF82241C9685680038FD97 /* MyRecipeViewController.m in Sources */ = {isa = PBXBuildFile; fileRef = 96CF82231C9685680038FD97 /* MyRecipeViewController.m */; };
		96CF82271C9685810038FD97 /* ShoppingListViewController.m in Sources */ = {isa = PBXBuildFile; fileRef = 96CF82261C9685810038FD97 /* ShoppingListViewController.m */; };
		96D18EA61C969DF600613C2E /* ButtonUtility.m in Sources */ = {isa = PBXBuildFile; fileRef = 96D18EA51C969DF600613C2E /* ButtonUtility.m */; settings = {COMPILER_FLAGS = "-fno-objc-arc"; }; };
		96D18F141C96BFDA00613C2E /* home.png in Resources */ = {isa = PBXBuildFile; fileRef = 96D18F001C96BFDA00613C2E /* home.png */; };
		96D18F151C96BFDA00613C2E /* homeSelected.png in Resources */ = {isa = PBXBuildFile; fileRef = 96D18F011C96BFDA00613C2E /* homeSelected.png */; };
		96D18F161C96BFDA00613C2E /* myRecipe.png in Resources */ = {isa = PBXBuildFile; fileRef = 96D18F021C96BFDA00613C2E /* myRecipe.png */; };
		96D18F171C96BFDA00613C2E /* myRecipeSelected.png in Resources */ = {isa = PBXBuildFile; fileRef = 96D18F031C96BFDA00613C2E /* myRecipeSelected.png */; };
		96D18F181C96BFDA00613C2E /* shoppingList.png in Resources */ = {isa = PBXBuildFile; fileRef = 96D18F041C96BFDA00613C2E /* shoppingList.png */; };
		96D18F191C96BFDA00613C2E /* shoppingListSelected.png in Resources */ = {isa = PBXBuildFile; fileRef = 96D18F051C96BFDA00613C2E /* shoppingListSelected.png */; };
		96D18F1A1C96BFDA00613C2E /* home@2x.png in Resources */ = {isa = PBXBuildFile; fileRef = 96D18F071C96BFDA00613C2E /* home@2x.png */; };
		96D18F1B1C96BFDA00613C2E /* homeSelected@2x.png in Resources */ = {isa = PBXBuildFile; fileRef = 96D18F081C96BFDA00613C2E /* homeSelected@2x.png */; };
		96D18F1C1C96BFDA00613C2E /* myRecipe@2x.png in Resources */ = {isa = PBXBuildFile; fileRef = 96D18F091C96BFDA00613C2E /* myRecipe@2x.png */; };
		96D18F1D1C96BFDA00613C2E /* myRecipeSelected@2x.png in Resources */ = {isa = PBXBuildFile; fileRef = 96D18F0A1C96BFDA00613C2E /* myRecipeSelected@2x.png */; };
		96D18F1E1C96BFDA00613C2E /* shoppingList@2x.png in Resources */ = {isa = PBXBuildFile; fileRef = 96D18F0B1C96BFDA00613C2E /* shoppingList@2x.png */; };
		96D18F1F1C96BFDA00613C2E /* shoppingListSelected@2x.png in Resources */ = {isa = PBXBuildFile; fileRef = 96D18F0C1C96BFDA00613C2E /* shoppingListSelected@2x.png */; };
		96D18F201C96BFDA00613C2E /* home@3x.png in Resources */ = {isa = PBXBuildFile; fileRef = 96D18F0E1C96BFDA00613C2E /* home@3x.png */; };
		96D18F211C96BFDA00613C2E /* homeSelected@3x.png in Resources */ = {isa = PBXBuildFile; fileRef = 96D18F0F1C96BFDA00613C2E /* homeSelected@3x.png */; };
		96D18F221C96BFDA00613C2E /* myRecipe@3x.png in Resources */ = {isa = PBXBuildFile; fileRef = 96D18F101C96BFDA00613C2E /* myRecipe@3x.png */; };
		96D18F231C96BFDA00613C2E /* myRecipeSelected@3x.png in Resources */ = {isa = PBXBuildFile; fileRef = 96D18F111C96BFDA00613C2E /* myRecipeSelected@3x.png */; };
		96D18F241C96BFDA00613C2E /* shoppingList@3x.png in Resources */ = {isa = PBXBuildFile; fileRef = 96D18F121C96BFDA00613C2E /* shoppingList@3x.png */; };
		96D18F251C96BFDA00613C2E /* shoppingListSelected@3x.png in Resources */ = {isa = PBXBuildFile; fileRef = 96D18F131C96BFDA00613C2E /* shoppingListSelected@3x.png */; };
		96D18F2F1C96C0C800613C2E /* TabbarController.m in Sources */ = {isa = PBXBuildFile; fileRef = 96D18F2E1C96C0C800613C2E /* TabbarController.m */; };
		96D18F341C96C1F200613C2E /* nav_background.png in Resources */ = {isa = PBXBuildFile; fileRef = 96D18F331C96C1F200613C2E /* nav_background.png */; };
		96DA8D4D1C97E2A000664DFF /* CollectionHeader.m in Sources */ = {isa = PBXBuildFile; fileRef = 96DA8D4C1C97E2A000664DFF /* CollectionHeader.m */; };
		96DA8D501C97EBA700664DFF /* LNGood.m in Sources */ = {isa = PBXBuildFile; fileRef = 96DA8D4F1C97EBA700664DFF /* LNGood.m */; };
		96DA8D581C97F36B00664DFF /* SYButton.m in Sources */ = {isa = PBXBuildFile; fileRef = 96DA8D531C97F36B00664DFF /* SYButton.m */; };
		96DA8D591C97F36B00664DFF /* SYTextField.m in Sources */ = {isa = PBXBuildFile; fileRef = 96DA8D551C97F36B00664DFF /* SYTextField.m */; };
		96DA8D5A1C97F36B00664DFF /* SYTextView.m in Sources */ = {isa = PBXBuildFile; fileRef = 96DA8D571C97F36B00664DFF /* SYTextView.m */; };
		96DA8D611C97FC5B00664DFF /* admire@2x.png in Resources */ = {isa = PBXBuildFile; fileRef = 96DA8D5E1C97FC5B00664DFF /* admire@2x.png */; };
		96DA8D621C97FC5B00664DFF /* admire_click@2x.png in Resources */ = {isa = PBXBuildFile; fileRef = 96DA8D5F1C97FC5B00664DFF /* admire_click@2x.png */; };
		96DA8D641C98000700664DFF /* collection@2x.png in Resources */ = {isa = PBXBuildFile; fileRef = 96DA8D631C98000700664DFF /* collection@2x.png */; };
/* End PBXBuildFile section */

/* Begin PBXContainerItemProxy section */
		04B9D7911C932F1100595BA2 /* PBXContainerItemProxy */ = {
			isa = PBXContainerItemProxy;
			containerPortal = 04B9D76F1C932F1000595BA2 /* Project object */;
			proxyType = 1;
			remoteGlobalIDString = 04B9D7761C932F1000595BA2;
			remoteInfo = ThreeEat;
		};
		04B9D79C1C932F1100595BA2 /* PBXContainerItemProxy */ = {
			isa = PBXContainerItemProxy;
			containerPortal = 04B9D76F1C932F1000595BA2 /* Project object */;
			proxyType = 1;
			remoteGlobalIDString = 04B9D7761C932F1000595BA2;
			remoteInfo = ThreeEat;
		};
/* End PBXContainerItemProxy section */

/* Begin PBXFileReference section */
		04B9D7771C932F1000595BA2 /* ThreeEat.app */ = {isa = PBXFileReference; explicitFileType = wrapper.application; includeInIndex = 0; path = ThreeEat.app; sourceTree = BUILT_PRODUCTS_DIR; };
		04B9D77B1C932F1000595BA2 /* main.m */ = {isa = PBXFileReference; lastKnownFileType = sourcecode.c.objc; path = main.m; sourceTree = "<group>"; };
		04B9D77D1C932F1100595BA2 /* AppDelegate.h */ = {isa = PBXFileReference; lastKnownFileType = sourcecode.c.h; path = AppDelegate.h; sourceTree = "<group>"; };
		04B9D77E1C932F1100595BA2 /* AppDelegate.m */ = {isa = PBXFileReference; lastKnownFileType = sourcecode.c.objc; path = AppDelegate.m; sourceTree = "<group>"; };
		04B9D7801C932F1100595BA2 /* ViewController.h */ = {isa = PBXFileReference; lastKnownFileType = sourcecode.c.h; path = ViewController.h; sourceTree = "<group>"; };
		04B9D7811C932F1100595BA2 /* ViewController.m */ = {isa = PBXFileReference; lastKnownFileType = sourcecode.c.objc; path = ViewController.m; sourceTree = "<group>"; };
		04B9D7841C932F1100595BA2 /* Base */ = {isa = PBXFileReference; lastKnownFileType = file.storyboard; name = Base; path = Base.lproj/Main.storyboard; sourceTree = "<group>"; };
		04B9D7861C932F1100595BA2 /* Assets.xcassets */ = {isa = PBXFileReference; lastKnownFileType = folder.assetcatalog; path = Assets.xcassets; sourceTree = "<group>"; };
		04B9D7891C932F1100595BA2 /* Base */ = {isa = PBXFileReference; lastKnownFileType = file.storyboard; name = Base; path = Base.lproj/LaunchScreen.storyboard; sourceTree = "<group>"; };
		04B9D78B1C932F1100595BA2 /* Info.plist */ = {isa = PBXFileReference; lastKnownFileType = text.plist.xml; path = Info.plist; sourceTree = "<group>"; };
		04B9D7901C932F1100595BA2 /* ThreeEatTests.xctest */ = {isa = PBXFileReference; explicitFileType = wrapper.cfbundle; includeInIndex = 0; path = ThreeEatTests.xctest; sourceTree = BUILT_PRODUCTS_DIR; };
		04B9D7941C932F1100595BA2 /* ThreeEatTests.m */ = {isa = PBXFileReference; lastKnownFileType = sourcecode.c.objc; path = ThreeEatTests.m; sourceTree = "<group>"; };
		04B9D7961C932F1100595BA2 /* Info.plist */ = {isa = PBXFileReference; lastKnownFileType = text.plist.xml; path = Info.plist; sourceTree = "<group>"; };
		04B9D79B1C932F1100595BA2 /* ThreeEatUITests.xctest */ = {isa = PBXFileReference; explicitFileType = wrapper.cfbundle; includeInIndex = 0; path = ThreeEatUITests.xctest; sourceTree = BUILT_PRODUCTS_DIR; };
		04B9D79F1C932F1100595BA2 /* ThreeEatUITests.m */ = {isa = PBXFileReference; lastKnownFileType = sourcecode.c.objc; path = ThreeEatUITests.m; sourceTree = "<group>"; };
		04B9D7A11C932F1100595BA2 /* Info.plist */ = {isa = PBXFileReference; lastKnownFileType = text.plist.xml; path = Info.plist; sourceTree = "<group>"; };
		04B9D7AD1C970A7C00595BA2 /* BannerModel.h */ = {isa = PBXFileReference; fileEncoding = 4; lastKnownFileType = sourcecode.c.h; name = BannerModel.h; path = ThreeEat/Model/Home/BannerModel.h; sourceTree = SOURCE_ROOT; };
		04B9D7AE1C970A7C00595BA2 /* BannerModel.m */ = {isa = PBXFileReference; fileEncoding = 4; lastKnownFileType = sourcecode.c.objc; name = BannerModel.m; path = ThreeEat/Model/Home/BannerModel.m; sourceTree = SOURCE_ROOT; };
		04B9D81D1C970F1E00595BA2 /* AdView.h */ = {isa = PBXFileReference; fileEncoding = 4; lastKnownFileType = sourcecode.c.h; path = AdView.h; sourceTree = "<group>"; };
		04B9D81E1C970F1E00595BA2 /* AdView.m */ = {isa = PBXFileReference; fileEncoding = 4; lastKnownFileType = sourcecode.c.objc; path = AdView.m; sourceTree = "<group>"; };
		04B9D8201C970F1E00595BA2 /* MKAnnotationView+WebCache.h */ = {isa = PBXFileReference; fileEncoding = 4; lastKnownFileType = sourcecode.c.h; path = "MKAnnotationView+WebCache.h"; sourceTree = "<group>"; };
		04B9D8211C970F1E00595BA2 /* MKAnnotationView+WebCache.m */ = {isa = PBXFileReference; fileEncoding = 4; lastKnownFileType = sourcecode.c.objc; path = "MKAnnotationView+WebCache.m"; sourceTree = "<group>"; };
		04B9D8221C970F1E00595BA2 /* NSData+ImageContentType.h */ = {isa = PBXFileReference; fileEncoding = 4; lastKnownFileType = sourcecode.c.h; path = "NSData+ImageContentType.h"; sourceTree = "<group>"; };
		04B9D8231C970F1E00595BA2 /* NSData+ImageContentType.m */ = {isa = PBXFileReference; fileEncoding = 4; lastKnownFileType = sourcecode.c.objc; path = "NSData+ImageContentType.m"; sourceTree = "<group>"; };
		04B9D8241C970F1E00595BA2 /* SDImageCache.h */ = {isa = PBXFileReference; fileEncoding = 4; lastKnownFileType = sourcecode.c.h; path = SDImageCache.h; sourceTree = "<group>"; };
		04B9D8251C970F1E00595BA2 /* SDImageCache.m */ = {isa = PBXFileReference; fileEncoding = 4; lastKnownFileType = sourcecode.c.objc; path = SDImageCache.m; sourceTree = "<group>"; };
		04B9D8261C970F1E00595BA2 /* SDWebImageCompat.h */ = {isa = PBXFileReference; fileEncoding = 4; lastKnownFileType = sourcecode.c.h; path = SDWebImageCompat.h; sourceTree = "<group>"; };
		04B9D8271C970F1E00595BA2 /* SDWebImageCompat.m */ = {isa = PBXFileReference; fileEncoding = 4; lastKnownFileType = sourcecode.c.objc; path = SDWebImageCompat.m; sourceTree = "<group>"; };
		04B9D8281C970F1E00595BA2 /* SDWebImageDecoder.h */ = {isa = PBXFileReference; fileEncoding = 4; lastKnownFileType = sourcecode.c.h; path = SDWebImageDecoder.h; sourceTree = "<group>"; };
		04B9D8291C970F1E00595BA2 /* SDWebImageDecoder.m */ = {isa = PBXFileReference; fileEncoding = 4; lastKnownFileType = sourcecode.c.objc; path = SDWebImageDecoder.m; sourceTree = "<group>"; };
		04B9D82A1C970F1E00595BA2 /* SDWebImageDownloader.h */ = {isa = PBXFileReference; fileEncoding = 4; lastKnownFileType = sourcecode.c.h; path = SDWebImageDownloader.h; sourceTree = "<group>"; };
		04B9D82B1C970F1E00595BA2 /* SDWebImageDownloader.m */ = {isa = PBXFileReference; fileEncoding = 4; lastKnownFileType = sourcecode.c.objc; path = SDWebImageDownloader.m; sourceTree = "<group>"; };
		04B9D82C1C970F1E00595BA2 /* SDWebImageDownloaderOperation.h */ = {isa = PBXFileReference; fileEncoding = 4; lastKnownFileType = sourcecode.c.h; path = SDWebImageDownloaderOperation.h; sourceTree = "<group>"; };
		04B9D82D1C970F1E00595BA2 /* SDWebImageDownloaderOperation.m */ = {isa = PBXFileReference; fileEncoding = 4; lastKnownFileType = sourcecode.c.objc; path = SDWebImageDownloaderOperation.m; sourceTree = "<group>"; };
		04B9D82E1C970F1E00595BA2 /* SDWebImageManager.h */ = {isa = PBXFileReference; fileEncoding = 4; lastKnownFileType = sourcecode.c.h; path = SDWebImageManager.h; sourceTree = "<group>"; };
		04B9D82F1C970F1E00595BA2 /* SDWebImageManager.m */ = {isa = PBXFileReference; fileEncoding = 4; lastKnownFileType = sourcecode.c.objc; path = SDWebImageManager.m; sourceTree = "<group>"; };
		04B9D8301C970F1E00595BA2 /* SDWebImageOperation.h */ = {isa = PBXFileReference; fileEncoding = 4; lastKnownFileType = sourcecode.c.h; path = SDWebImageOperation.h; sourceTree = "<group>"; };
		04B9D8311C970F1E00595BA2 /* SDWebImagePrefetcher.h */ = {isa = PBXFileReference; fileEncoding = 4; lastKnownFileType = sourcecode.c.h; path = SDWebImagePrefetcher.h; sourceTree = "<group>"; };
		04B9D8321C970F1E00595BA2 /* SDWebImagePrefetcher.m */ = {isa = PBXFileReference; fileEncoding = 4; lastKnownFileType = sourcecode.c.objc; path = SDWebImagePrefetcher.m; sourceTree = "<group>"; };
		04B9D8331C970F1E00595BA2 /* UIButton+WebCache.h */ = {isa = PBXFileReference; fileEncoding = 4; lastKnownFileType = sourcecode.c.h; path = "UIButton+WebCache.h"; sourceTree = "<group>"; };
		04B9D8341C970F1E00595BA2 /* UIButton+WebCache.m */ = {isa = PBXFileReference; fileEncoding = 4; lastKnownFileType = sourcecode.c.objc; path = "UIButton+WebCache.m"; sourceTree = "<group>"; };
		04B9D8351C970F1E00595BA2 /* UIImage+GIF.h */ = {isa = PBXFileReference; fileEncoding = 4; lastKnownFileType = sourcecode.c.h; path = "UIImage+GIF.h"; sourceTree = "<group>"; };
		04B9D8361C970F1E00595BA2 /* UIImage+GIF.m */ = {isa = PBXFileReference; fileEncoding = 4; lastKnownFileType = sourcecode.c.objc; path = "UIImage+GIF.m"; sourceTree = "<group>"; };
		04B9D8371C970F1E00595BA2 /* UIImage+MultiFormat.h */ = {isa = PBXFileReference; fileEncoding = 4; lastKnownFileType = sourcecode.c.h; path = "UIImage+MultiFormat.h"; sourceTree = "<group>"; };
		04B9D8381C970F1E00595BA2 /* UIImage+MultiFormat.m */ = {isa = PBXFileReference; fileEncoding = 4; lastKnownFileType = sourcecode.c.objc; path = "UIImage+MultiFormat.m"; sourceTree = "<group>"; };
		04B9D8391C970F1E00595BA2 /* UIImage+WebP.h */ = {isa = PBXFileReference; fileEncoding = 4; lastKnownFileType = sourcecode.c.h; path = "UIImage+WebP.h"; sourceTree = "<group>"; };
		04B9D83A1C970F1E00595BA2 /* UIImage+WebP.m */ = {isa = PBXFileReference; fileEncoding = 4; lastKnownFileType = sourcecode.c.objc; path = "UIImage+WebP.m"; sourceTree = "<group>"; };
		04B9D83B1C970F1E00595BA2 /* UIImageView+HighlightedWebCache.h */ = {isa = PBXFileReference; fileEncoding = 4; lastKnownFileType = sourcecode.c.h; path = "UIImageView+HighlightedWebCache.h"; sourceTree = "<group>"; };
		04B9D83C1C970F1E00595BA2 /* UIImageView+HighlightedWebCache.m */ = {isa = PBXFileReference; fileEncoding = 4; lastKnownFileType = sourcecode.c.objc; path = "UIImageView+HighlightedWebCache.m"; sourceTree = "<group>"; };
		04B9D83D1C970F1E00595BA2 /* UIImageView+WebCache.h */ = {isa = PBXFileReference; fileEncoding = 4; lastKnownFileType = sourcecode.c.h; path = "UIImageView+WebCache.h"; sourceTree = "<group>"; };
		04B9D83E1C970F1E00595BA2 /* UIImageView+WebCache.m */ = {isa = PBXFileReference; fileEncoding = 4; lastKnownFileType = sourcecode.c.objc; path = "UIImageView+WebCache.m"; sourceTree = "<group>"; };
		04B9D83F1C970F1E00595BA2 /* UIView+WebCacheOperation.h */ = {isa = PBXFileReference; fileEncoding = 4; lastKnownFileType = sourcecode.c.h; path = "UIView+WebCacheOperation.h"; sourceTree = "<group>"; };
		04B9D8401C970F1E00595BA2 /* UIView+WebCacheOperation.m */ = {isa = PBXFileReference; fileEncoding = 4; lastKnownFileType = sourcecode.c.objc; path = "UIView+WebCacheOperation.m"; sourceTree = "<group>"; };
		96031F3F1C99472600330692 /* NSString+Extend.h */ = {isa = PBXFileReference; fileEncoding = 4; lastKnownFileType = sourcecode.c.h; path = "NSString+Extend.h"; sourceTree = "<group>"; };
		96031F401C99472600330692 /* NSString+Extend.m */ = {isa = PBXFileReference; fileEncoding = 4; lastKnownFileType = sourcecode.c.objc; path = "NSString+Extend.m"; sourceTree = "<group>"; };
		96038F8F1C9824CC00950A79 /* CHTCollectionViewWaterfallCell.h */ = {isa = PBXFileReference; fileEncoding = 4; lastKnownFileType = sourcecode.c.h; path = CHTCollectionViewWaterfallCell.h; sourceTree = "<group>"; };
		96038F901C9824CC00950A79 /* CHTCollectionViewWaterfallCell.m */ = {isa = PBXFileReference; fileEncoding = 4; lastKnownFileType = sourcecode.c.objc; path = CHTCollectionViewWaterfallCell.m; sourceTree = "<group>"; };
		96038F911C9824CC00950A79 /* CHTCollectionViewWaterfallFooter.h */ = {isa = PBXFileReference; fileEncoding = 4; lastKnownFileType = sourcecode.c.h; path = CHTCollectionViewWaterfallFooter.h; sourceTree = "<group>"; };
		96038F921C9824CC00950A79 /* CHTCollectionViewWaterfallFooter.m */ = {isa = PBXFileReference; fileEncoding = 4; lastKnownFileType = sourcecode.c.objc; path = CHTCollectionViewWaterfallFooter.m; sourceTree = "<group>"; };
		96038F931C9824CC00950A79 /* CHTCollectionViewWaterfallHeader.h */ = {isa = PBXFileReference; fileEncoding = 4; lastKnownFileType = sourcecode.c.h; path = CHTCollectionViewWaterfallHeader.h; sourceTree = "<group>"; };
		96038F941C9824CC00950A79 /* CHTCollectionViewWaterfallHeader.m */ = {isa = PBXFileReference; fileEncoding = 4; lastKnownFileType = sourcecode.c.objc; path = CHTCollectionViewWaterfallHeader.m; sourceTree = "<group>"; };
		96038F951C9824CC00950A79 /* CHTCollectionViewWaterfallLayout.h */ = {isa = PBXFileReference; fileEncoding = 4; lastKnownFileType = sourcecode.c.h; path = CHTCollectionViewWaterfallLayout.h; sourceTree = "<group>"; };
		96038F961C9824CC00950A79 /* CHTCollectionViewWaterfallLayout.m */ = {isa = PBXFileReference; fileEncoding = 4; lastKnownFileType = sourcecode.c.objc; path = CHTCollectionViewWaterfallLayout.m; sourceTree = "<group>"; };
		96CF81B61C9683E10038FD97 /* BaseViewController.h */ = {isa = PBXFileReference; fileEncoding = 4; lastKnownFileType = sourcecode.c.h; path = BaseViewController.h; sourceTree = "<group>"; };
		96CF81B71C9683E10038FD97 /* BaseViewController.m */ = {isa = PBXFileReference; fileEncoding = 4; lastKnownFileType = sourcecode.c.objc; path = BaseViewController.m; sourceTree = "<group>"; };
		96CF81BA1C9683E10038FD97 /* Common.h */ = {isa = PBXFileReference; fileEncoding = 4; lastKnownFileType = sourcecode.c.h; path = Common.h; sourceTree = "<group>"; };
		96CF81BB1C9683E10038FD97 /* Common.m */ = {isa = PBXFileReference; fileEncoding = 4; lastKnownFileType = sourcecode.c.objc; path = Common.m; sourceTree = "<group>"; };
		96CF81BC1C9683E10038FD97 /* HexStringToColor.h */ = {isa = PBXFileReference; fileEncoding = 4; lastKnownFileType = sourcecode.c.h; path = HexStringToColor.h; sourceTree = "<group>"; };
		96CF81BD1C9683E10038FD97 /* HexStringToColor.m */ = {isa = PBXFileReference; fileEncoding = 4; lastKnownFileType = sourcecode.c.objc; path = HexStringToColor.m; sourceTree = "<group>"; };
		96CF81BE1C9683E10038FD97 /* SecurityMD5.h */ = {isa = PBXFileReference; fileEncoding = 4; lastKnownFileType = sourcecode.c.h; path = SecurityMD5.h; sourceTree = "<group>"; };
		96CF81BF1C9683E10038FD97 /* SecurityMD5.m */ = {isa = PBXFileReference; fileEncoding = 4; lastKnownFileType = sourcecode.c.objc; path = SecurityMD5.m; sourceTree = "<group>"; };
		96CF81C01C9683E10038FD97 /* TextFieldVerified.h */ = {isa = PBXFileReference; fileEncoding = 4; lastKnownFileType = sourcecode.c.h; path = TextFieldVerified.h; sourceTree = "<group>"; };
		96CF81C11C9683E10038FD97 /* TextFieldVerified.m */ = {isa = PBXFileReference; fileEncoding = 4; lastKnownFileType = sourcecode.c.objc; path = TextFieldVerified.m; sourceTree = "<group>"; };
		96CF81C41C9683E10038FD97 /* MBProgressHUD.h */ = {isa = PBXFileReference; fileEncoding = 4; lastKnownFileType = sourcecode.c.h; path = MBProgressHUD.h; sourceTree = "<group>"; };
		96CF81C51C9683E10038FD97 /* MBProgressHUD.m */ = {isa = PBXFileReference; fileEncoding = 4; lastKnownFileType = sourcecode.c.objc; path = MBProgressHUD.m; sourceTree = "<group>"; };
		96CF81C81C9683E10038FD97 /* 1、ShareMenuView.png */ = {isa = PBXFileReference; lastKnownFileType = image.png; path = "1、ShareMenuView.png"; sourceTree = "<group>"; };
		96CF81C91C9683E10038FD97 /* 2、ShareContentView.png */ = {isa = PBXFileReference; lastKnownFileType = image.png; path = "2、ShareContentView.png"; sourceTree = "<group>"; };
		96CF81CA1C9683E10038FD97 /* User Guide.webloc */ = {isa = PBXFileReference; fileEncoding = 4; lastKnownFileType = text.xml; path = "User Guide.webloc"; sourceTree = "<group>"; };
		96CF81CD1C9683E10038FD97 /* QQConnection.framework */ = {isa = PBXFileReference; lastKnownFileType = wrapper.framework; path = QQConnection.framework; sourceTree = "<group>"; };
		96CF81CE1C9683E10038FD97 /* QZoneConnection.framework */ = {isa = PBXFileReference; lastKnownFileType = wrapper.framework; path = QZoneConnection.framework; sourceTree = "<group>"; };
		96CF81CF1C9683E10038FD97 /* SinaWeiboConnection.framework */ = {isa = PBXFileReference; lastKnownFileType = wrapper.framework; path = SinaWeiboConnection.framework; sourceTree = "<group>"; };
		96CF81D01C9683E10038FD97 /* WeChatConnection.framework */ = {isa = PBXFileReference; lastKnownFileType = wrapper.framework; path = WeChatConnection.framework; sourceTree = "<group>"; };
		96CF81D21C9683E10038FD97 /* AGCommon.framework */ = {isa = PBXFileReference; lastKnownFileType = wrapper.framework; path = AGCommon.framework; sourceTree = "<group>"; };
		96CF81D41C9683E10038FD97 /* en */ = {isa = PBXFileReference; lastKnownFileType = text.plist.strings; name = en; path = en.lproj/ShareSDKLocalizable.strings; sourceTree = "<group>"; };
		96CF81D51C9683E10038FD97 /* MOBFoundation.framework */ = {isa = PBXFileReference; lastKnownFileType = wrapper.framework; path = MOBFoundation.framework; sourceTree = "<group>"; };
		96CF81D61C9683E10038FD97 /* Resource.bundle */ = {isa = PBXFileReference; lastKnownFileType = "wrapper.plug-in"; path = Resource.bundle; sourceTree = "<group>"; };
		96CF81D71C9683E10038FD97 /* ShareSDKCoreService.framework */ = {isa = PBXFileReference; lastKnownFileType = wrapper.framework; path = ShareSDKCoreService.framework; sourceTree = "<group>"; };
		96CF81D81C9683E10038FD97 /* zh-Hans */ = {isa = PBXFileReference; lastKnownFileType = text.plist.strings; name = "zh-Hans"; path = "zh-Hans.lproj/ShareSDKLocalizable.strings"; sourceTree = "<group>"; };
		96CF81DB1C9683E10038FD97 /* TencentOpenAPI.framework */ = {isa = PBXFileReference; lastKnownFileType = wrapper.framework; path = TencentOpenAPI.framework; sourceTree = "<group>"; };
		96CF81DC1C9683E10038FD97 /* TencentOpenApi_IOS_Bundle.bundle */ = {isa = PBXFileReference; lastKnownFileType = "wrapper.plug-in"; path = TencentOpenApi_IOS_Bundle.bundle; sourceTree = "<group>"; };
		96CF81DE1C9683E10038FD97 /* libWeiboSDK.a */ = {isa = PBXFileReference; lastKnownFileType = archive.ar; path = libWeiboSDK.a; sourceTree = "<group>"; };
		96CF81DF1C9683E10038FD97 /* WBHttpRequest+WeiboGame.h */ = {isa = PBXFileReference; fileEncoding = 4; lastKnownFileType = sourcecode.c.h; path = "WBHttpRequest+WeiboGame.h"; sourceTree = "<group>"; };
		96CF81E01C9683E10038FD97 /* WBHttpRequest+WeiboShare.h */ = {isa = PBXFileReference; fileEncoding = 4; lastKnownFileType = sourcecode.c.h; path = "WBHttpRequest+WeiboShare.h"; sourceTree = "<group>"; };
		96CF81E11C9683E10038FD97 /* WBHttpRequest+WeiboToken.h */ = {isa = PBXFileReference; fileEncoding = 4; lastKnownFileType = sourcecode.c.h; path = "WBHttpRequest+WeiboToken.h"; sourceTree = "<group>"; };
		96CF81E21C9683E10038FD97 /* WBHttpRequest+WeiboUser.h */ = {isa = PBXFileReference; fileEncoding = 4; lastKnownFileType = sourcecode.c.h; path = "WBHttpRequest+WeiboUser.h"; sourceTree = "<group>"; };
		96CF81E31C9683E10038FD97 /* WBHttpRequest.h */ = {isa = PBXFileReference; fileEncoding = 4; lastKnownFileType = sourcecode.c.h; path = WBHttpRequest.h; sourceTree = "<group>"; };
		96CF81E41C9683E10038FD97 /* WBSDKBasicButton.h */ = {isa = PBXFileReference; fileEncoding = 4; lastKnownFileType = sourcecode.c.h; path = WBSDKBasicButton.h; sourceTree = "<group>"; };
		96CF81E51C9683E10038FD97 /* WBSDKCommentButton.h */ = {isa = PBXFileReference; fileEncoding = 4; lastKnownFileType = sourcecode.c.h; path = WBSDKCommentButton.h; sourceTree = "<group>"; };
		96CF81E61C9683E10038FD97 /* WBSDKRelationshipButton.h */ = {isa = PBXFileReference; fileEncoding = 4; lastKnownFileType = sourcecode.c.h; path = WBSDKRelationshipButton.h; sourceTree = "<group>"; };
		96CF81E71C9683E10038FD97 /* WeiboSDK.bundle */ = {isa = PBXFileReference; lastKnownFileType = "wrapper.plug-in"; path = WeiboSDK.bundle; sourceTree = "<group>"; };
		96CF81E81C9683E10038FD97 /* WeiboSDK.h */ = {isa = PBXFileReference; fileEncoding = 4; lastKnownFileType = sourcecode.c.h; path = WeiboSDK.h; sourceTree = "<group>"; };
		96CF81E91C9683E10038FD97 /* WeiboUser.h */ = {isa = PBXFileReference; fileEncoding = 4; lastKnownFileType = sourcecode.c.h; path = WeiboUser.h; sourceTree = "<group>"; };
		96CF81EB1C9683E10038FD97 /* libWeChatSDK.a */ = {isa = PBXFileReference; lastKnownFileType = archive.ar; path = libWeChatSDK.a; sourceTree = "<group>"; };
		96CF81EC1C9683E10038FD97 /* WXApi.h */ = {isa = PBXFileReference; fileEncoding = 4; lastKnownFileType = sourcecode.c.h; path = WXApi.h; sourceTree = "<group>"; };
		96CF81ED1C9683E10038FD97 /* WXApiObject.h */ = {isa = PBXFileReference; fileEncoding = 4; lastKnownFileType = sourcecode.c.h; path = WXApiObject.h; sourceTree = "<group>"; };
		96CF81EE1C9683E10038FD97 /* ShareSDK.framework */ = {isa = PBXFileReference; lastKnownFileType = wrapper.framework; path = ShareSDK.framework; sourceTree = "<group>"; };
		96CF81F01C9683E10038FD97 /* ShareSDKFlatShareViewUI.bundle */ = {isa = PBXFileReference; lastKnownFileType = "wrapper.plug-in"; path = ShareSDKFlatShareViewUI.bundle; sourceTree = "<group>"; };
		96CF81F11C9683E10038FD97 /* ShareSDKFlatShareViewUI.framework */ = {isa = PBXFileReference; lastKnownFileType = wrapper.framework; path = ShareSDKFlatShareViewUI.framework; sourceTree = "<group>"; };
		96CF81F21C9683E10038FD97 /* ShareSDKShareActionSheet.framework */ = {isa = PBXFileReference; lastKnownFileType = wrapper.framework; path = ShareSDKShareActionSheet.framework; sourceTree = "<group>"; };
		96CF81F41C9683E10038FD97 /* Util.h */ = {isa = PBXFileReference; fileEncoding = 4; lastKnownFileType = sourcecode.c.h; path = Util.h; sourceTree = "<group>"; };
		96CF81F51C9683E10038FD97 /* Util.m */ = {isa = PBXFileReference; fileEncoding = 4; lastKnownFileType = sourcecode.c.objc; path = Util.m; sourceTree = "<group>"; };
		96CF821F1C9685430038FD97 /* HomeViewController.h */ = {isa = PBXFileReference; fileEncoding = 4; lastKnownFileType = sourcecode.c.h; path = HomeViewController.h; sourceTree = "<group>"; };
		96CF82201C9685430038FD97 /* HomeViewController.m */ = {isa = PBXFileReference; fileEncoding = 4; lastKnownFileType = sourcecode.c.objc; path = HomeViewController.m; sourceTree = "<group>"; };
		96CF82221C9685680038FD97 /* MyRecipeViewController.h */ = {isa = PBXFileReference; fileEncoding = 4; lastKnownFileType = sourcecode.c.h; path = MyRecipeViewController.h; sourceTree = "<group>"; };
		96CF82231C9685680038FD97 /* MyRecipeViewController.m */ = {isa = PBXFileReference; fileEncoding = 4; lastKnownFileType = sourcecode.c.objc; path = MyRecipeViewController.m; sourceTree = "<group>"; };
		96CF82251C9685810038FD97 /* ShoppingListViewController.h */ = {isa = PBXFileReference; fileEncoding = 4; lastKnownFileType = sourcecode.c.h; path = ShoppingListViewController.h; sourceTree = "<group>"; };
		96CF82261C9685810038FD97 /* ShoppingListViewController.m */ = {isa = PBXFileReference; fileEncoding = 4; lastKnownFileType = sourcecode.c.objc; path = ShoppingListViewController.m; sourceTree = "<group>"; };
		96CF82281C9685DE0038FD97 /* ThreeEat.pch */ = {isa = PBXFileReference; fileEncoding = 4; lastKnownFileType = sourcecode.c.h; path = ThreeEat.pch; sourceTree = "<group>"; };
		96CF82291C9687000038FD97 /* ConfigureDefine.h */ = {isa = PBXFileReference; fileEncoding = 4; lastKnownFileType = sourcecode.c.h; path = ConfigureDefine.h; sourceTree = "<group>"; };
		96CF822A1C96879E0038FD97 /* DefaultsNames.h */ = {isa = PBXFileReference; fileEncoding = 4; lastKnownFileType = sourcecode.c.h; path = DefaultsNames.h; sourceTree = "<group>"; };
		96D18EA41C969DF600613C2E /* ButtonUtility.h */ = {isa = PBXFileReference; fileEncoding = 4; lastKnownFileType = sourcecode.c.h; path = ButtonUtility.h; sourceTree = "<group>"; };
		96D18EA51C969DF600613C2E /* ButtonUtility.m */ = {isa = PBXFileReference; fileEncoding = 4; lastKnownFileType = sourcecode.c.objc; path = ButtonUtility.m; sourceTree = "<group>"; };
		96D18F001C96BFDA00613C2E /* home.png */ = {isa = PBXFileReference; lastKnownFileType = image.png; path = home.png; sourceTree = "<group>"; };
		96D18F011C96BFDA00613C2E /* homeSelected.png */ = {isa = PBXFileReference; lastKnownFileType = image.png; path = homeSelected.png; sourceTree = "<group>"; };
		96D18F021C96BFDA00613C2E /* myRecipe.png */ = {isa = PBXFileReference; lastKnownFileType = image.png; path = myRecipe.png; sourceTree = "<group>"; };
		96D18F031C96BFDA00613C2E /* myRecipeSelected.png */ = {isa = PBXFileReference; lastKnownFileType = image.png; path = myRecipeSelected.png; sourceTree = "<group>"; };
		96D18F041C96BFDA00613C2E /* shoppingList.png */ = {isa = PBXFileReference; lastKnownFileType = image.png; path = shoppingList.png; sourceTree = "<group>"; };
		96D18F051C96BFDA00613C2E /* shoppingListSelected.png */ = {isa = PBXFileReference; lastKnownFileType = image.png; path = shoppingListSelected.png; sourceTree = "<group>"; };
		96D18F071C96BFDA00613C2E /* home@2x.png */ = {isa = PBXFileReference; lastKnownFileType = image.png; path = "home@2x.png"; sourceTree = "<group>"; };
		96D18F081C96BFDA00613C2E /* homeSelected@2x.png */ = {isa = PBXFileReference; lastKnownFileType = image.png; path = "homeSelected@2x.png"; sourceTree = "<group>"; };
		96D18F091C96BFDA00613C2E /* myRecipe@2x.png */ = {isa = PBXFileReference; lastKnownFileType = image.png; path = "myRecipe@2x.png"; sourceTree = "<group>"; };
		96D18F0A1C96BFDA00613C2E /* myRecipeSelected@2x.png */ = {isa = PBXFileReference; lastKnownFileType = image.png; path = "myRecipeSelected@2x.png"; sourceTree = "<group>"; };
		96D18F0B1C96BFDA00613C2E /* shoppingList@2x.png */ = {isa = PBXFileReference; lastKnownFileType = image.png; path = "shoppingList@2x.png"; sourceTree = "<group>"; };
		96D18F0C1C96BFDA00613C2E /* shoppingListSelected@2x.png */ = {isa = PBXFileReference; lastKnownFileType = image.png; path = "shoppingListSelected@2x.png"; sourceTree = "<group>"; };
		96D18F0E1C96BFDA00613C2E /* home@3x.png */ = {isa = PBXFileReference; lastKnownFileType = image.png; path = "home@3x.png"; sourceTree = "<group>"; };
		96D18F0F1C96BFDA00613C2E /* homeSelected@3x.png */ = {isa = PBXFileReference; lastKnownFileType = image.png; path = "homeSelected@3x.png"; sourceTree = "<group>"; };
		96D18F101C96BFDA00613C2E /* myRecipe@3x.png */ = {isa = PBXFileReference; lastKnownFileType = image.png; path = "myRecipe@3x.png"; sourceTree = "<group>"; };
		96D18F111C96BFDA00613C2E /* myRecipeSelected@3x.png */ = {isa = PBXFileReference; lastKnownFileType = image.png; path = "myRecipeSelected@3x.png"; sourceTree = "<group>"; };
		96D18F121C96BFDA00613C2E /* shoppingList@3x.png */ = {isa = PBXFileReference; lastKnownFileType = image.png; path = "shoppingList@3x.png"; sourceTree = "<group>"; };
		96D18F131C96BFDA00613C2E /* shoppingListSelected@3x.png */ = {isa = PBXFileReference; lastKnownFileType = image.png; path = "shoppingListSelected@3x.png"; sourceTree = "<group>"; };
		96D18F2D1C96C0C800613C2E /* TabbarController.h */ = {isa = PBXFileReference; fileEncoding = 4; lastKnownFileType = sourcecode.c.h; path = TabbarController.h; sourceTree = "<group>"; };
		96D18F2E1C96C0C800613C2E /* TabbarController.m */ = {isa = PBXFileReference; fileEncoding = 4; lastKnownFileType = sourcecode.c.objc; path = TabbarController.m; sourceTree = "<group>"; };
		96D18F331C96C1F200613C2E /* nav_background.png */ = {isa = PBXFileReference; lastKnownFileType = image.png; path = nav_background.png; sourceTree = "<group>"; };
		96DA8D4B1C97E2A000664DFF /* CollectionHeader.h */ = {isa = PBXFileReference; fileEncoding = 4; lastKnownFileType = sourcecode.c.h; path = CollectionHeader.h; sourceTree = "<group>"; };
		96DA8D4C1C97E2A000664DFF /* CollectionHeader.m */ = {isa = PBXFileReference; fileEncoding = 4; lastKnownFileType = sourcecode.c.objc; path = CollectionHeader.m; sourceTree = "<group>"; };
		96DA8D4E1C97EBA700664DFF /* LNGood.h */ = {isa = PBXFileReference; fileEncoding = 4; lastKnownFileType = sourcecode.c.h; path = LNGood.h; sourceTree = "<group>"; };
		96DA8D4F1C97EBA700664DFF /* LNGood.m */ = {isa = PBXFileReference; fileEncoding = 4; lastKnownFileType = sourcecode.c.objc; path = LNGood.m; sourceTree = "<group>"; };
		96DA8D521C97F36B00664DFF /* SYButton.h */ = {isa = PBXFileReference; fileEncoding = 4; lastKnownFileType = sourcecode.c.h; path = SYButton.h; sourceTree = "<group>"; };
		96DA8D531C97F36B00664DFF /* SYButton.m */ = {isa = PBXFileReference; fileEncoding = 4; lastKnownFileType = sourcecode.c.objc; path = SYButton.m; sourceTree = "<group>"; };
		96DA8D541C97F36B00664DFF /* SYTextField.h */ = {isa = PBXFileReference; fileEncoding = 4; lastKnownFileType = sourcecode.c.h; path = SYTextField.h; sourceTree = "<group>"; };
		96DA8D551C97F36B00664DFF /* SYTextField.m */ = {isa = PBXFileReference; fileEncoding = 4; lastKnownFileType = sourcecode.c.objc; path = SYTextField.m; sourceTree = "<group>"; };
		96DA8D561C97F36B00664DFF /* SYTextView.h */ = {isa = PBXFileReference; fileEncoding = 4; lastKnownFileType = sourcecode.c.h; path = SYTextView.h; sourceTree = "<group>"; };
		96DA8D571C97F36B00664DFF /* SYTextView.m */ = {isa = PBXFileReference; fileEncoding = 4; lastKnownFileType = sourcecode.c.objc; path = SYTextView.m; sourceTree = "<group>"; };
		96DA8D5E1C97FC5B00664DFF /* admire@2x.png */ = {isa = PBXFileReference; lastKnownFileType = image.png; path = "admire@2x.png"; sourceTree = "<group>"; };
		96DA8D5F1C97FC5B00664DFF /* admire_click@2x.png */ = {isa = PBXFileReference; lastKnownFileType = image.png; path = "admire_click@2x.png"; sourceTree = "<group>"; };
		96DA8D631C98000700664DFF /* collection@2x.png */ = {isa = PBXFileReference; lastKnownFileType = image.png; path = "collection@2x.png"; sourceTree = "<group>"; };
/* End PBXFileReference section */

/* Begin PBXFrameworksBuildPhase section */
		04B9D7741C932F1000595BA2 /* Frameworks */ = {
			isa = PBXFrameworksBuildPhase;
			buildActionMask = 2147483647;
			files = (
			);
			runOnlyForDeploymentPostprocessing = 0;
		};
		04B9D78D1C932F1100595BA2 /* Frameworks */ = {
			isa = PBXFrameworksBuildPhase;
			buildActionMask = 2147483647;
			files = (
			);
			runOnlyForDeploymentPostprocessing = 0;
		};
		04B9D7981C932F1100595BA2 /* Frameworks */ = {
			isa = PBXFrameworksBuildPhase;
			buildActionMask = 2147483647;
			files = (
			);
			runOnlyForDeploymentPostprocessing = 0;
		};
/* End PBXFrameworksBuildPhase section */

/* Begin PBXGroup section */
		04B9D76E1C932F1000595BA2 = {
			isa = PBXGroup;
			children = (
				04B9D7791C932F1000595BA2 /* ThreeEat */,
				04B9D7931C932F1100595BA2 /* ThreeEatTests */,
				04B9D79E1C932F1100595BA2 /* ThreeEatUITests */,
				04B9D7781C932F1000595BA2 /* Products */,
			);
			sourceTree = "<group>";
		};
		04B9D7781C932F1000595BA2 /* Products */ = {
			isa = PBXGroup;
			children = (
				04B9D7771C932F1000595BA2 /* ThreeEat.app */,
				04B9D7901C932F1100595BA2 /* ThreeEatTests.xctest */,
				04B9D79B1C932F1100595BA2 /* ThreeEatUITests.xctest */,
			);
			name = Products;
			sourceTree = "<group>";
		};
		04B9D7791C932F1000595BA2 /* ThreeEat */ = {
			isa = PBXGroup;
			children = (
				96D18EA31C969DD600613C2E /* Framework */,
				96CF81B51C9683E10038FD97 /* Common */,
				96CF81C21C9683E10038FD97 /* ThirdParty */,
				96CF82131C96850F0038FD97 /* Home */,
				96CF82171C96850F0038FD97 /* MyRecipe */,
				96CF821B1C96850F0038FD97 /* ShoppingList */,
				96D18F2C1C96C0C800613C2E /* Tabbar */,
				96D18ED51C96B26100613C2E /* Resource */,
				04B9D77D1C932F1100595BA2 /* AppDelegate.h */,
				04B9D77E1C932F1100595BA2 /* AppDelegate.m */,
				04B9D7801C932F1100595BA2 /* ViewController.h */,
				04B9D7811C932F1100595BA2 /* ViewController.m */,
				04B9D7831C932F1100595BA2 /* Main.storyboard */,
				04B9D7861C932F1100595BA2 /* Assets.xcassets */,
				04B9D7881C932F1100595BA2 /* LaunchScreen.storyboard */,
				04B9D78B1C932F1100595BA2 /* Info.plist */,
				96CF82281C9685DE0038FD97 /* ThreeEat.pch */,
				04B9D77A1C932F1000595BA2 /* Supporting Files */,
			);
			path = ThreeEat;
			sourceTree = "<group>";
		};
		04B9D77A1C932F1000595BA2 /* Supporting Files */ = {
			isa = PBXGroup;
			children = (
				04B9D77B1C932F1000595BA2 /* main.m */,
			);
			name = "Supporting Files";
			sourceTree = "<group>";
		};
		04B9D7931C932F1100595BA2 /* ThreeEatTests */ = {
			isa = PBXGroup;
			children = (
				04B9D7941C932F1100595BA2 /* ThreeEatTests.m */,
				04B9D7961C932F1100595BA2 /* Info.plist */,
			);
			path = ThreeEatTests;
			sourceTree = "<group>";
		};
		04B9D79E1C932F1100595BA2 /* ThreeEatUITests */ = {
			isa = PBXGroup;
			children = (
				04B9D79F1C932F1100595BA2 /* ThreeEatUITests.m */,
				04B9D7A11C932F1100595BA2 /* Info.plist */,
			);
			path = ThreeEatUITests;
			sourceTree = "<group>";
		};
		04B9D81C1C970F1E00595BA2 /* AdView */ = {
			isa = PBXGroup;
			children = (
				04B9D81D1C970F1E00595BA2 /* AdView.h */,
				04B9D81E1C970F1E00595BA2 /* AdView.m */,
			);
			path = AdView;
			sourceTree = "<group>";
		};
		04B9D81F1C970F1E00595BA2 /* SDWebImage */ = {
			isa = PBXGroup;
			children = (
				04B9D8201C970F1E00595BA2 /* MKAnnotationView+WebCache.h */,
				04B9D8211C970F1E00595BA2 /* MKAnnotationView+WebCache.m */,
				04B9D8221C970F1E00595BA2 /* NSData+ImageContentType.h */,
				04B9D8231C970F1E00595BA2 /* NSData+ImageContentType.m */,
				04B9D8241C970F1E00595BA2 /* SDImageCache.h */,
				04B9D8251C970F1E00595BA2 /* SDImageCache.m */,
				04B9D8261C970F1E00595BA2 /* SDWebImageCompat.h */,
				04B9D8271C970F1E00595BA2 /* SDWebImageCompat.m */,
				04B9D8281C970F1E00595BA2 /* SDWebImageDecoder.h */,
				04B9D8291C970F1E00595BA2 /* SDWebImageDecoder.m */,
				04B9D82A1C970F1E00595BA2 /* SDWebImageDownloader.h */,
				04B9D82B1C970F1E00595BA2 /* SDWebImageDownloader.m */,
				04B9D82C1C970F1E00595BA2 /* SDWebImageDownloaderOperation.h */,
				04B9D82D1C970F1E00595BA2 /* SDWebImageDownloaderOperation.m */,
				04B9D82E1C970F1E00595BA2 /* SDWebImageManager.h */,
				04B9D82F1C970F1E00595BA2 /* SDWebImageManager.m */,
				04B9D8301C970F1E00595BA2 /* SDWebImageOperation.h */,
				04B9D8311C970F1E00595BA2 /* SDWebImagePrefetcher.h */,
				04B9D8321C970F1E00595BA2 /* SDWebImagePrefetcher.m */,
				04B9D8331C970F1E00595BA2 /* UIButton+WebCache.h */,
				04B9D8341C970F1E00595BA2 /* UIButton+WebCache.m */,
				04B9D8351C970F1E00595BA2 /* UIImage+GIF.h */,
				04B9D8361C970F1E00595BA2 /* UIImage+GIF.m */,
				04B9D8371C970F1E00595BA2 /* UIImage+MultiFormat.h */,
				04B9D8381C970F1E00595BA2 /* UIImage+MultiFormat.m */,
				04B9D8391C970F1E00595BA2 /* UIImage+WebP.h */,
				04B9D83A1C970F1E00595BA2 /* UIImage+WebP.m */,
				04B9D83B1C970F1E00595BA2 /* UIImageView+HighlightedWebCache.h */,
				04B9D83C1C970F1E00595BA2 /* UIImageView+HighlightedWebCache.m */,
				04B9D83D1C970F1E00595BA2 /* UIImageView+WebCache.h */,
				04B9D83E1C970F1E00595BA2 /* UIImageView+WebCache.m */,
				04B9D83F1C970F1E00595BA2 /* UIView+WebCacheOperation.h */,
				04B9D8401C970F1E00595BA2 /* UIView+WebCacheOperation.m */,
			);
			path = SDWebImage;
			sourceTree = "<group>";
		};
		96CF81B51C9683E10038FD97 /* Common */ = {
			isa = PBXGroup;
			children = (
				96CF81B61C9683E10038FD97 /* BaseViewController.h */,
				96CF81B71C9683E10038FD97 /* BaseViewController.m */,
				96D18EA41C969DF600613C2E /* ButtonUtility.h */,
				96D18EA51C969DF600613C2E /* ButtonUtility.m */,
				96CF81BA1C9683E10038FD97 /* Common.h */,
				96CF81BB1C9683E10038FD97 /* Common.m */,
				96CF81BC1C9683E10038FD97 /* HexStringToColor.h */,
				96CF81BD1C9683E10038FD97 /* HexStringToColor.m */,
				96CF81BE1C9683E10038FD97 /* SecurityMD5.h */,
				96CF81BF1C9683E10038FD97 /* SecurityMD5.m */,
				96CF81C01C9683E10038FD97 /* TextFieldVerified.h */,
				96CF81C11C9683E10038FD97 /* TextFieldVerified.m */,
				96031F3F1C99472600330692 /* NSString+Extend.h */,
				96031F401C99472600330692 /* NSString+Extend.m */,
				96CF82291C9687000038FD97 /* ConfigureDefine.h */,
				96CF822A1C96879E0038FD97 /* DefaultsNames.h */,
			);
			path = Common;
			sourceTree = "<group>";
		};
		96CF81C21C9683E10038FD97 /* ThirdParty */ = {
			isa = PBXGroup;
			children = (
				96DA8D511C97F36B00664DFF /* SY */,
				04B9D81C1C970F1E00595BA2 /* AdView */,
				04B9D81F1C970F1E00595BA2 /* SDWebImage */,
				96CF81C31C9683E10038FD97 /* MBProgressHUD */,
				96CF81F31C9683E10038FD97 /* Util */,
			);
			path = ThirdParty;
			sourceTree = "<group>";
		};
		96CF81C31C9683E10038FD97 /* MBProgressHUD */ = {
			isa = PBXGroup;
			children = (
				96CF81C41C9683E10038FD97 /* MBProgressHUD.h */,
				96CF81C51C9683E10038FD97 /* MBProgressHUD.m */,
				96CF81C61C9683E10038FD97 /* ShareSDK-iOS-2.12 */,
			);
			path = MBProgressHUD;
			sourceTree = "<group>";
		};
		96CF81C61C9683E10038FD97 /* ShareSDK-iOS-2.12 */ = {
			isa = PBXGroup;
			children = (
				96CF81C71C9683E10038FD97 /* doc */,
				96CF81CB1C9683E10038FD97 /* ShareSDK */,
			);
			path = "ShareSDK-iOS-2.12";
			sourceTree = "<group>";
		};
		96CF81C71C9683E10038FD97 /* doc */ = {
			isa = PBXGroup;
			children = (
				96CF81C81C9683E10038FD97 /* 1、ShareMenuView.png */,
				96CF81C91C9683E10038FD97 /* 2、ShareContentView.png */,
				96CF81CA1C9683E10038FD97 /* User Guide.webloc */,
			);
			path = doc;
			sourceTree = "<group>";
		};
		96CF81CB1C9683E10038FD97 /* ShareSDK */ = {
			isa = PBXGroup;
			children = (
				96CF81CC1C9683E10038FD97 /* Connection */,
				96CF81D11C9683E10038FD97 /* Core */,
				96CF81D91C9683E10038FD97 /* Extend */,
				96CF81EE1C9683E10038FD97 /* ShareSDK.framework */,
				96CF81EF1C9683E10038FD97 /* UI */,
			);
			path = ShareSDK;
			sourceTree = "<group>";
		};
		96CF81CC1C9683E10038FD97 /* Connection */ = {
			isa = PBXGroup;
			children = (
				96CF81CD1C9683E10038FD97 /* QQConnection.framework */,
				96CF81CE1C9683E10038FD97 /* QZoneConnection.framework */,
				96CF81CF1C9683E10038FD97 /* SinaWeiboConnection.framework */,
				96CF81D01C9683E10038FD97 /* WeChatConnection.framework */,
			);
			path = Connection;
			sourceTree = "<group>";
		};
		96CF81D11C9683E10038FD97 /* Core */ = {
			isa = PBXGroup;
			children = (
				96CF81D21C9683E10038FD97 /* AGCommon.framework */,
				96CF81D31C9683E10038FD97 /* ShareSDKLocalizable.strings */,
				96CF81D51C9683E10038FD97 /* MOBFoundation.framework */,
				96CF81D61C9683E10038FD97 /* Resource.bundle */,
				96CF81D71C9683E10038FD97 /* ShareSDKCoreService.framework */,
			);
			path = Core;
			sourceTree = "<group>";
		};
		96CF81D91C9683E10038FD97 /* Extend */ = {
			isa = PBXGroup;
			children = (
				96CF81DA1C9683E10038FD97 /* QQConnectSDK */,
				96CF81DD1C9683E10038FD97 /* SinaWeiboSDK */,
				96CF81EA1C9683E10038FD97 /* WeChatSDK */,
			);
			path = Extend;
			sourceTree = "<group>";
		};
		96CF81DA1C9683E10038FD97 /* QQConnectSDK */ = {
			isa = PBXGroup;
			children = (
				96CF81DB1C9683E10038FD97 /* TencentOpenAPI.framework */,
				96CF81DC1C9683E10038FD97 /* TencentOpenApi_IOS_Bundle.bundle */,
			);
			path = QQConnectSDK;
			sourceTree = "<group>";
		};
		96CF81DD1C9683E10038FD97 /* SinaWeiboSDK */ = {
			isa = PBXGroup;
			children = (
				96CF81DE1C9683E10038FD97 /* libWeiboSDK.a */,
				96CF81DF1C9683E10038FD97 /* WBHttpRequest+WeiboGame.h */,
				96CF81E01C9683E10038FD97 /* WBHttpRequest+WeiboShare.h */,
				96CF81E11C9683E10038FD97 /* WBHttpRequest+WeiboToken.h */,
				96CF81E21C9683E10038FD97 /* WBHttpRequest+WeiboUser.h */,
				96CF81E31C9683E10038FD97 /* WBHttpRequest.h */,
				96CF81E41C9683E10038FD97 /* WBSDKBasicButton.h */,
				96CF81E51C9683E10038FD97 /* WBSDKCommentButton.h */,
				96CF81E61C9683E10038FD97 /* WBSDKRelationshipButton.h */,
				96CF81E71C9683E10038FD97 /* WeiboSDK.bundle */,
				96CF81E81C9683E10038FD97 /* WeiboSDK.h */,
				96CF81E91C9683E10038FD97 /* WeiboUser.h */,
			);
			path = SinaWeiboSDK;
			sourceTree = "<group>";
		};
		96CF81EA1C9683E10038FD97 /* WeChatSDK */ = {
			isa = PBXGroup;
			children = (
				96CF81EB1C9683E10038FD97 /* libWeChatSDK.a */,
				96CF81EC1C9683E10038FD97 /* WXApi.h */,
				96CF81ED1C9683E10038FD97 /* WXApiObject.h */,
			);
			path = WeChatSDK;
			sourceTree = "<group>";
		};
		96CF81EF1C9683E10038FD97 /* UI */ = {
			isa = PBXGroup;
			children = (
				96CF81F01C9683E10038FD97 /* ShareSDKFlatShareViewUI.bundle */,
				96CF81F11C9683E10038FD97 /* ShareSDKFlatShareViewUI.framework */,
				96CF81F21C9683E10038FD97 /* ShareSDKShareActionSheet.framework */,
			);
			path = UI;
			sourceTree = "<group>";
		};
		96CF81F31C9683E10038FD97 /* Util */ = {
			isa = PBXGroup;
			children = (
				96CF81F41C9683E10038FD97 /* Util.h */,
				96CF81F51C9683E10038FD97 /* Util.m */,
			);
			path = Util;
			sourceTree = "<group>";
		};
		96CF82131C96850F0038FD97 /* Home */ = {
			isa = PBXGroup;
			children = (
				96CF82141C96850F0038FD97 /* Controller */,
				96CF82151C96850F0038FD97 /* Model */,
				96CF82161C96850F0038FD97 /* View */,
			);
			path = Home;
			sourceTree = "<group>";
		};
		96CF82141C96850F0038FD97 /* Controller */ = {
			isa = PBXGroup;
			children = (
				96CF821F1C9685430038FD97 /* HomeViewController.h */,
				96CF82201C9685430038FD97 /* HomeViewController.m */,
			);
			path = Controller;
			sourceTree = "<group>";
		};
		96CF82151C96850F0038FD97 /* Model */ = {
			isa = PBXGroup;
			children = (
				04B9D7AD1C970A7C00595BA2 /* BannerModel.h */,
				04B9D7AE1C970A7C00595BA2 /* BannerModel.m */,
				96DA8D4E1C97EBA700664DFF /* LNGood.h */,
				96DA8D4F1C97EBA700664DFF /* LNGood.m */,
			);
			path = Model;
			sourceTree = "<group>";
		};
		96CF82161C96850F0038FD97 /* View */ = {
			isa = PBXGroup;
			children = (
				96DA8D411C97E23B00664DFF /* WaterFaillFlowView */,
			);
			path = View;
			sourceTree = "<group>";
		};
		96CF82171C96850F0038FD97 /* MyRecipe */ = {
			isa = PBXGroup;
			children = (
				96CF82181C96850F0038FD97 /* Controller */,
				96CF82191C96850F0038FD97 /* Model */,
				96CF821A1C96850F0038FD97 /* View */,
			);
			path = MyRecipe;
			sourceTree = "<group>";
		};
		96CF82181C96850F0038FD97 /* Controller */ = {
			isa = PBXGroup;
			children = (
				96CF82221C9685680038FD97 /* MyRecipeViewController.h */,
				96CF82231C9685680038FD97 /* MyRecipeViewController.m */,
			);
			path = Controller;
			sourceTree = "<group>";
		};
		96CF82191C96850F0038FD97 /* Model */ = {
			isa = PBXGroup;
			children = (
			);
			path = Model;
			sourceTree = "<group>";
		};
		96CF821A1C96850F0038FD97 /* View */ = {
			isa = PBXGroup;
			children = (
			);
			path = View;
			sourceTree = "<group>";
		};
		96CF821B1C96850F0038FD97 /* ShoppingList */ = {
			isa = PBXGroup;
			children = (
				96CF821C1C96850F0038FD97 /* Controller */,
				96CF821D1C96850F0038FD97 /* Model */,
				96CF821E1C96850F0038FD97 /* View */,
			);
			path = ShoppingList;
			sourceTree = "<group>";
		};
		96CF821C1C96850F0038FD97 /* Controller */ = {
			isa = PBXGroup;
			children = (
				96CF82251C9685810038FD97 /* ShoppingListViewController.h */,
				96CF82261C9685810038FD97 /* ShoppingListViewController.m */,
			);
			path = Controller;
			sourceTree = "<group>";
		};
		96CF821D1C96850F0038FD97 /* Model */ = {
			isa = PBXGroup;
			children = (
			);
			path = Model;
			sourceTree = "<group>";
		};
		96CF821E1C96850F0038FD97 /* View */ = {
			isa = PBXGroup;
			children = (
			);
			path = View;
			sourceTree = "<group>";
		};
		96D18EA31C969DD600613C2E /* Framework */ = {
			isa = PBXGroup;
			children = (
			);
			path = Framework;
			sourceTree = "<group>";
		};
		96D18ED51C96B26100613C2E /* Resource */ = {
			isa = PBXGroup;
			children = (
				96DA8D5B1C97FC5B00664DFF /* Home */,
				96D18F321C96C1F200613C2E /* Nav */,
				96D18EFE1C96BFDA00613C2E /* Tabbar */,
			);
			path = Resource;
			sourceTree = "<group>";
		};
		96D18EFE1C96BFDA00613C2E /* Tabbar */ = {
			isa = PBXGroup;
			children = (
				96D18EFF1C96BFDA00613C2E /* 1x */,
				96D18F061C96BFDA00613C2E /* 2x */,
				96D18F0D1C96BFDA00613C2E /* 3x */,
			);
			path = Tabbar;
			sourceTree = "<group>";
		};
		96D18EFF1C96BFDA00613C2E /* 1x */ = {
			isa = PBXGroup;
			children = (
				96D18F001C96BFDA00613C2E /* home.png */,
				96D18F011C96BFDA00613C2E /* homeSelected.png */,
				96D18F021C96BFDA00613C2E /* myRecipe.png */,
				96D18F031C96BFDA00613C2E /* myRecipeSelected.png */,
				96D18F041C96BFDA00613C2E /* shoppingList.png */,
				96D18F051C96BFDA00613C2E /* shoppingListSelected.png */,
			);
			path = 1x;
			sourceTree = "<group>";
		};
		96D18F061C96BFDA00613C2E /* 2x */ = {
			isa = PBXGroup;
			children = (
				96D18F071C96BFDA00613C2E /* home@2x.png */,
				96D18F081C96BFDA00613C2E /* homeSelected@2x.png */,
				96D18F091C96BFDA00613C2E /* myRecipe@2x.png */,
				96D18F0A1C96BFDA00613C2E /* myRecipeSelected@2x.png */,
				96D18F0B1C96BFDA00613C2E /* shoppingList@2x.png */,
				96D18F0C1C96BFDA00613C2E /* shoppingListSelected@2x.png */,
			);
			path = 2x;
			sourceTree = "<group>";
		};
		96D18F0D1C96BFDA00613C2E /* 3x */ = {
			isa = PBXGroup;
			children = (
				96D18F0E1C96BFDA00613C2E /* home@3x.png */,
				96D18F0F1C96BFDA00613C2E /* homeSelected@3x.png */,
				96D18F101C96BFDA00613C2E /* myRecipe@3x.png */,
				96D18F111C96BFDA00613C2E /* myRecipeSelected@3x.png */,
				96D18F121C96BFDA00613C2E /* shoppingList@3x.png */,
				96D18F131C96BFDA00613C2E /* shoppingListSelected@3x.png */,
			);
			path = 3x;
			sourceTree = "<group>";
		};
		96D18F2C1C96C0C800613C2E /* Tabbar */ = {
			isa = PBXGroup;
			children = (
				96D18F2D1C96C0C800613C2E /* TabbarController.h */,
				96D18F2E1C96C0C800613C2E /* TabbarController.m */,
			);
			path = Tabbar;
			sourceTree = "<group>";
		};
		96D18F321C96C1F200613C2E /* Nav */ = {
			isa = PBXGroup;
			children = (
				96D18F331C96C1F200613C2E /* nav_background.png */,
			);
			path = Nav;
			sourceTree = "<group>";
		};
		96DA8D411C97E23B00664DFF /* WaterFaillFlowView */ = {
			isa = PBXGroup;
			children = (
				96038F8F1C9824CC00950A79 /* CHTCollectionViewWaterfallCell.h */,
				96038F901C9824CC00950A79 /* CHTCollectionViewWaterfallCell.m */,
				96038F911C9824CC00950A79 /* CHTCollectionViewWaterfallFooter.h */,
				96038F921C9824CC00950A79 /* CHTCollectionViewWaterfallFooter.m */,
				96038F931C9824CC00950A79 /* CHTCollectionViewWaterfallHeader.h */,
				96038F941C9824CC00950A79 /* CHTCollectionViewWaterfallHeader.m */,
				96038F951C9824CC00950A79 /* CHTCollectionViewWaterfallLayout.h */,
				96038F961C9824CC00950A79 /* CHTCollectionViewWaterfallLayout.m */,
				96DA8D4B1C97E2A000664DFF /* CollectionHeader.h */,
				96DA8D4C1C97E2A000664DFF /* CollectionHeader.m */,
			);
			path = WaterFaillFlowView;
			sourceTree = "<group>";
		};
		96DA8D511C97F36B00664DFF /* SY */ = {
			isa = PBXGroup;
			children = (
				96DA8D521C97F36B00664DFF /* SYButton.h */,
				96DA8D531C97F36B00664DFF /* SYButton.m */,
				96DA8D541C97F36B00664DFF /* SYTextField.h */,
				96DA8D551C97F36B00664DFF /* SYTextField.m */,
				96DA8D561C97F36B00664DFF /* SYTextView.h */,
				96DA8D571C97F36B00664DFF /* SYTextView.m */,
			);
			path = SY;
			sourceTree = "<group>";
		};
		96DA8D5B1C97FC5B00664DFF /* Home */ = {
			isa = PBXGroup;
			children = (
				96DA8D5C1C97FC5B00664DFF /* 1x */,
				96DA8D5D1C97FC5B00664DFF /* 2x */,
				96DA8D601C97FC5B00664DFF /* 3x */,
			);
			path = Home;
			sourceTree = "<group>";
		};
		96DA8D5C1C97FC5B00664DFF /* 1x */ = {
			isa = PBXGroup;
			children = (
			);
			path = 1x;
			sourceTree = "<group>";
		};
		96DA8D5D1C97FC5B00664DFF /* 2x */ = {
			isa = PBXGroup;
			children = (
				96DA8D631C98000700664DFF /* collection@2x.png */,
				96DA8D5E1C97FC5B00664DFF /* admire@2x.png */,
				96DA8D5F1C97FC5B00664DFF /* admire_click@2x.png */,
			);
			path = 2x;
			sourceTree = "<group>";
		};
		96DA8D601C97FC5B00664DFF /* 3x */ = {
			isa = PBXGroup;
			children = (
			);
			path = 3x;
			sourceTree = "<group>";
		};
/* End PBXGroup section */

/* Begin PBXNativeTarget section */
		04B9D7761C932F1000595BA2 /* ThreeEat */ = {
			isa = PBXNativeTarget;
			buildConfigurationList = 04B9D7A41C932F1100595BA2 /* Build configuration list for PBXNativeTarget "ThreeEat" */;
			buildPhases = (
				04B9D7731C932F1000595BA2 /* Sources */,
				04B9D7741C932F1000595BA2 /* Frameworks */,
				04B9D7751C932F1000595BA2 /* Resources */,
			);
			buildRules = (
			);
			dependencies = (
			);
			name = ThreeEat;
			productName = ThreeEat;
			productReference = 04B9D7771C932F1000595BA2 /* ThreeEat.app */;
			productType = "com.apple.product-type.application";
		};
		04B9D78F1C932F1100595BA2 /* ThreeEatTests */ = {
			isa = PBXNativeTarget;
			buildConfigurationList = 04B9D7A71C932F1100595BA2 /* Build configuration list for PBXNativeTarget "ThreeEatTests" */;
			buildPhases = (
				04B9D78C1C932F1100595BA2 /* Sources */,
				04B9D78D1C932F1100595BA2 /* Frameworks */,
				04B9D78E1C932F1100595BA2 /* Resources */,
			);
			buildRules = (
			);
			dependencies = (
				04B9D7921C932F1100595BA2 /* PBXTargetDependency */,
			);
			name = ThreeEatTests;
			productName = ThreeEatTests;
			productReference = 04B9D7901C932F1100595BA2 /* ThreeEatTests.xctest */;
			productType = "com.apple.product-type.bundle.unit-test";
		};
		04B9D79A1C932F1100595BA2 /* ThreeEatUITests */ = {
			isa = PBXNativeTarget;
			buildConfigurationList = 04B9D7AA1C932F1100595BA2 /* Build configuration list for PBXNativeTarget "ThreeEatUITests" */;
			buildPhases = (
				04B9D7971C932F1100595BA2 /* Sources */,
				04B9D7981C932F1100595BA2 /* Frameworks */,
				04B9D7991C932F1100595BA2 /* Resources */,
			);
			buildRules = (
			);
			dependencies = (
				04B9D79D1C932F1100595BA2 /* PBXTargetDependency */,
			);
			name = ThreeEatUITests;
			productName = ThreeEatUITests;
			productReference = 04B9D79B1C932F1100595BA2 /* ThreeEatUITests.xctest */;
			productType = "com.apple.product-type.bundle.ui-testing";
		};
/* End PBXNativeTarget section */

/* Begin PBXProject section */
		04B9D76F1C932F1000595BA2 /* Project object */ = {
			isa = PBXProject;
			attributes = {
				LastUpgradeCheck = 0700;
				ORGANIZATIONNAME = Samsun;
				TargetAttributes = {
					04B9D7761C932F1000595BA2 = {
						CreatedOnToolsVersion = 7.0.1;
					};
					04B9D78F1C932F1100595BA2 = {
						CreatedOnToolsVersion = 7.0.1;
						TestTargetID = 04B9D7761C932F1000595BA2;
					};
					04B9D79A1C932F1100595BA2 = {
						CreatedOnToolsVersion = 7.0.1;
						TestTargetID = 04B9D7761C932F1000595BA2;
					};
				};
			};
			buildConfigurationList = 04B9D7721C932F1000595BA2 /* Build configuration list for PBXProject "ThreeEat" */;
			compatibilityVersion = "Xcode 3.2";
			developmentRegion = English;
			hasScannedForEncodings = 0;
			knownRegions = (
				en,
				Base,
				"zh-Hans",
			);
			mainGroup = 04B9D76E1C932F1000595BA2;
			productRefGroup = 04B9D7781C932F1000595BA2 /* Products */;
			projectDirPath = "";
			projectRoot = "";
			targets = (
				04B9D7761C932F1000595BA2 /* ThreeEat */,
				04B9D78F1C932F1100595BA2 /* ThreeEatTests */,
				04B9D79A1C932F1100595BA2 /* ThreeEatUITests */,
			);
		};
/* End PBXProject section */

/* Begin PBXResourcesBuildPhase section */
		04B9D7751C932F1000595BA2 /* Resources */ = {
			isa = PBXResourcesBuildPhase;
			buildActionMask = 2147483647;
			files = (
				04B9D78A1C932F1100595BA2 /* LaunchScreen.storyboard in Resources */,
				96D18F161C96BFDA00613C2E /* myRecipe.png in Resources */,
				96D18F201C96BFDA00613C2E /* home@3x.png in Resources */,
				04B9D7871C932F1100595BA2 /* Assets.xcassets in Resources */,
				96CF81FF1C9683E10038FD97 /* User Guide.webloc in Resources */,
				04B9D7851C932F1100595BA2 /* Main.storyboard in Resources */,
				96CF820F1C9683E20038FD97 /* ShareSDKFlatShareViewUI.bundle in Resources */,
				96DA8D621C97FC5B00664DFF /* admire_click@2x.png in Resources */,
				96D18F341C96C1F200613C2E /* nav_background.png in Resources */,
				96D18F1B1C96BFDA00613C2E /* homeSelected@2x.png in Resources */,
				96CF81FD1C9683E10038FD97 /* 1、ShareMenuView.png in Resources */,
				96D18F181C96BFDA00613C2E /* shoppingList.png in Resources */,
				96D18F191C96BFDA00613C2E /* shoppingListSelected.png in Resources */,
				96CF81FE1C9683E10038FD97 /* 2、ShareContentView.png in Resources */,
				96D18F251C96BFDA00613C2E /* shoppingListSelected@3x.png in Resources */,
				96CF820A1C9683E10038FD97 /* TencentOpenApi_IOS_Bundle.bundle in Resources */,
				96D18F141C96BFDA00613C2E /* home.png in Resources */,
				96D18F231C96BFDA00613C2E /* myRecipeSelected@3x.png in Resources */,
				96D18F211C96BFDA00613C2E /* homeSelected@3x.png in Resources */,
				96D18F1F1C96BFDA00613C2E /* shoppingListSelected@2x.png in Resources */,
				96D18F151C96BFDA00613C2E /* homeSelected.png in Resources */,
				96DA8D641C98000700664DFF /* collection@2x.png in Resources */,
				96CF820C1C9683E20038FD97 /* WeiboSDK.bundle in Resources */,
				96D18F171C96BFDA00613C2E /* myRecipeSelected.png in Resources */,
				96DA8D611C97FC5B00664DFF /* admire@2x.png in Resources */,
				96CF82051C9683E10038FD97 /* ShareSDKLocalizable.strings in Resources */,
				96CF82071C9683E10038FD97 /* Resource.bundle in Resources */,
				96D18F221C96BFDA00613C2E /* myRecipe@3x.png in Resources */,
				96D18F1D1C96BFDA00613C2E /* myRecipeSelected@2x.png in Resources */,
				96D18F1C1C96BFDA00613C2E /* myRecipe@2x.png in Resources */,
				96D18F241C96BFDA00613C2E /* shoppingList@3x.png in Resources */,
				96D18F1E1C96BFDA00613C2E /* shoppingList@2x.png in Resources */,
				96D18F1A1C96BFDA00613C2E /* home@2x.png in Resources */,
			);
			runOnlyForDeploymentPostprocessing = 0;
		};
		04B9D78E1C932F1100595BA2 /* Resources */ = {
			isa = PBXResourcesBuildPhase;
			buildActionMask = 2147483647;
			files = (
			);
			runOnlyForDeploymentPostprocessing = 0;
		};
		04B9D7991C932F1100595BA2 /* Resources */ = {
			isa = PBXResourcesBuildPhase;
			buildActionMask = 2147483647;
			files = (
			);
			runOnlyForDeploymentPostprocessing = 0;
		};
/* End PBXResourcesBuildPhase section */

/* Begin PBXSourcesBuildPhase section */
		04B9D7731C932F1000595BA2 /* Sources */ = {
			isa = PBXSourcesBuildPhase;
			buildActionMask = 2147483647;
			files = (
				04B9D8471C970F1E00595BA2 /* SDWebImageDownloader.m in Sources */,
				96CF82271C9685810038FD97 /* ShoppingListViewController.m in Sources */,
				96CF81F81C9683E10038FD97 /* Common.m in Sources */,
				04B9D84A1C970F1E00595BA2 /* SDWebImagePrefetcher.m in Sources */,
				04B9D8511C970F1E00595BA2 /* UIView+WebCacheOperation.m in Sources */,
				04B9D7821C932F1100595BA2 /* ViewController.m in Sources */,
				96038F971C9824CC00950A79 /* CHTCollectionViewWaterfallCell.m in Sources */,
				96CF81FB1C9683E10038FD97 /* TextFieldVerified.m in Sources */,
				04B9D84D1C970F1E00595BA2 /* UIImage+MultiFormat.m in Sources */,
				04B9D84E1C970F1E00595BA2 /* UIImage+WebP.m in Sources */,
				96038F991C9824CC00950A79 /* CHTCollectionViewWaterfallHeader.m in Sources */,
				96CF81F61C9683E10038FD97 /* BaseViewController.m in Sources */,
				96CF81F91C9683E10038FD97 /* HexStringToColor.m in Sources */,
				04B9D8501C970F1E00595BA2 /* UIImageView+WebCache.m in Sources */,
				96DA8D5A1C97F36B00664DFF /* SYTextView.m in Sources */,
				96DA8D581C97F36B00664DFF /* SYButton.m in Sources */,
				96038F981C9824CC00950A79 /* CHTCollectionViewWaterfallFooter.m in Sources */,
				04B9D77F1C932F1100595BA2 /* AppDelegate.m in Sources */,
				96038F9A1C9824CC00950A79 /* CHTCollectionViewWaterfallLayout.m in Sources */,
				96CF81FC1C9683E10038FD97 /* MBProgressHUD.m in Sources */,
				96CF82121C9683E20038FD97 /* Util.m in Sources */,
				96CF81FA1C9683E10038FD97 /* SecurityMD5.m in Sources */,
				04B9D77C1C932F1000595BA2 /* main.m in Sources */,
				96CF82241C9685680038FD97 /* MyRecipeViewController.m in Sources */,
				96D18EA61C969DF600613C2E /* ButtonUtility.m in Sources */,
				96DA8D591C97F36B00664DFF /* SYTextField.m in Sources */,
				04B9D8431C970F1E00595BA2 /* NSData+ImageContentType.m in Sources */,
				04B9D8411C970F1E00595BA2 /* AdView.m in Sources */,
				96D18F2F1C96C0C800613C2E /* TabbarController.m in Sources */,
				04B9D8491C970F1E00595BA2 /* SDWebImageManager.m in Sources */,
				96DA8D4D1C97E2A000664DFF /* CollectionHeader.m in Sources */,
				04B9D8461C970F1E00595BA2 /* SDWebImageDecoder.m in Sources */,
				04B9D8481C970F1E00595BA2 /* SDWebImageDownloaderOperation.m in Sources */,
				96CF82211C9685430038FD97 /* HomeViewController.m in Sources */,
				96031F411C99472600330692 /* NSString+Extend.m in Sources */,
				04B9D7AF1C970A7C00595BA2 /* BannerModel.m in Sources */,
				04B9D8421C970F1E00595BA2 /* MKAnnotationView+WebCache.m in Sources */,
				04B9D8451C970F1E00595BA2 /* SDWebImageCompat.m in Sources */,
				04B9D84B1C970F1E00595BA2 /* UIButton+WebCache.m in Sources */,
				04B9D84F1C970F1E00595BA2 /* UIImageView+HighlightedWebCache.m in Sources */,
				96DA8D501C97EBA700664DFF /* LNGood.m in Sources */,
				04B9D84C1C970F1E00595BA2 /* UIImage+GIF.m in Sources */,
				04B9D8441C970F1E00595BA2 /* SDImageCache.m in Sources */,
			);
			runOnlyForDeploymentPostprocessing = 0;
		};
		04B9D78C1C932F1100595BA2 /* Sources */ = {
			isa = PBXSourcesBuildPhase;
			buildActionMask = 2147483647;
			files = (
				04B9D7951C932F1100595BA2 /* ThreeEatTests.m in Sources */,
			);
			runOnlyForDeploymentPostprocessing = 0;
		};
		04B9D7971C932F1100595BA2 /* Sources */ = {
			isa = PBXSourcesBuildPhase;
			buildActionMask = 2147483647;
			files = (
				04B9D7A01C932F1100595BA2 /* ThreeEatUITests.m in Sources */,
			);
			runOnlyForDeploymentPostprocessing = 0;
		};
/* End PBXSourcesBuildPhase section */

/* Begin PBXTargetDependency section */
		04B9D7921C932F1100595BA2 /* PBXTargetDependency */ = {
			isa = PBXTargetDependency;
			target = 04B9D7761C932F1000595BA2 /* ThreeEat */;
			targetProxy = 04B9D7911C932F1100595BA2 /* PBXContainerItemProxy */;
		};
		04B9D79D1C932F1100595BA2 /* PBXTargetDependency */ = {
			isa = PBXTargetDependency;
			target = 04B9D7761C932F1000595BA2 /* ThreeEat */;
			targetProxy = 04B9D79C1C932F1100595BA2 /* PBXContainerItemProxy */;
		};
/* End PBXTargetDependency section */

/* Begin PBXVariantGroup section */
		04B9D7831C932F1100595BA2 /* Main.storyboard */ = {
			isa = PBXVariantGroup;
			children = (
				04B9D7841C932F1100595BA2 /* Base */,
			);
			name = Main.storyboard;
			sourceTree = "<group>";
		};
		04B9D7881C932F1100595BA2 /* LaunchScreen.storyboard */ = {
			isa = PBXVariantGroup;
			children = (
				04B9D7891C932F1100595BA2 /* Base */,
			);
			name = LaunchScreen.storyboard;
			sourceTree = "<group>";
		};
		96CF81D31C9683E10038FD97 /* ShareSDKLocalizable.strings */ = {
			isa = PBXVariantGroup;
			children = (
				96CF81D41C9683E10038FD97 /* en */,
				96CF81D81C9683E10038FD97 /* zh-Hans */,
			);
			name = ShareSDKLocalizable.strings;
			sourceTree = "<group>";
		};
/* End PBXVariantGroup section */

/* Begin XCBuildConfiguration section */
		04B9D7A21C932F1100595BA2 /* Debug */ = {
			isa = XCBuildConfiguration;
			buildSettings = {
				ALWAYS_SEARCH_USER_PATHS = NO;
				CLANG_CXX_LANGUAGE_STANDARD = "gnu++0x";
				CLANG_CXX_LIBRARY = "libc++";
				CLANG_ENABLE_MODULES = YES;
				CLANG_ENABLE_OBJC_ARC = YES;
				CLANG_WARN_BOOL_CONVERSION = YES;
				CLANG_WARN_CONSTANT_CONVERSION = YES;
				CLANG_WARN_DIRECT_OBJC_ISA_USAGE = YES_ERROR;
				CLANG_WARN_EMPTY_BODY = YES;
				CLANG_WARN_ENUM_CONVERSION = YES;
				CLANG_WARN_INT_CONVERSION = YES;
				CLANG_WARN_OBJC_ROOT_CLASS = YES_ERROR;
				CLANG_WARN_UNREACHABLE_CODE = YES;
				CLANG_WARN__DUPLICATE_METHOD_MATCH = YES;
				"CODE_SIGN_IDENTITY[sdk=iphoneos*]" = "iPhone Developer";
				COPY_PHASE_STRIP = NO;
				DEBUG_INFORMATION_FORMAT = dwarf;
				ENABLE_STRICT_OBJC_MSGSEND = YES;
				ENABLE_TESTABILITY = YES;
				GCC_C_LANGUAGE_STANDARD = gnu99;
				GCC_DYNAMIC_NO_PIC = NO;
				GCC_NO_COMMON_BLOCKS = YES;
				GCC_OPTIMIZATION_LEVEL = 0;
				GCC_PREPROCESSOR_DEFINITIONS = (
					"DEBUG=1",
					"$(inherited)",
				);
				GCC_WARN_64_TO_32_BIT_CONVERSION = YES;
				GCC_WARN_ABOUT_RETURN_TYPE = YES_ERROR;
				GCC_WARN_UNDECLARED_SELECTOR = YES;
				GCC_WARN_UNINITIALIZED_AUTOS = YES_AGGRESSIVE;
				GCC_WARN_UNUSED_FUNCTION = YES;
				GCC_WARN_UNUSED_VARIABLE = YES;
				IPHONEOS_DEPLOYMENT_TARGET = 9.0;
				MTL_ENABLE_DEBUG_INFO = YES;
				ONLY_ACTIVE_ARCH = YES;
				SDKROOT = iphoneos;
			};
			name = Debug;
		};
		04B9D7A31C932F1100595BA2 /* Release */ = {
			isa = XCBuildConfiguration;
			buildSettings = {
				ALWAYS_SEARCH_USER_PATHS = NO;
				CLANG_CXX_LANGUAGE_STANDARD = "gnu++0x";
				CLANG_CXX_LIBRARY = "libc++";
				CLANG_ENABLE_MODULES = YES;
				CLANG_ENABLE_OBJC_ARC = YES;
				CLANG_WARN_BOOL_CONVERSION = YES;
				CLANG_WARN_CONSTANT_CONVERSION = YES;
				CLANG_WARN_DIRECT_OBJC_ISA_USAGE = YES_ERROR;
				CLANG_WARN_EMPTY_BODY = YES;
				CLANG_WARN_ENUM_CONVERSION = YES;
				CLANG_WARN_INT_CONVERSION = YES;
				CLANG_WARN_OBJC_ROOT_CLASS = YES_ERROR;
				CLANG_WARN_UNREACHABLE_CODE = YES;
				CLANG_WARN__DUPLICATE_METHOD_MATCH = YES;
				"CODE_SIGN_IDENTITY[sdk=iphoneos*]" = "iPhone Developer";
				COPY_PHASE_STRIP = NO;
				DEBUG_INFORMATION_FORMAT = "dwarf-with-dsym";
				ENABLE_NS_ASSERTIONS = NO;
				ENABLE_STRICT_OBJC_MSGSEND = YES;
				GCC_C_LANGUAGE_STANDARD = gnu99;
				GCC_NO_COMMON_BLOCKS = YES;
				GCC_WARN_64_TO_32_BIT_CONVERSION = YES;
				GCC_WARN_ABOUT_RETURN_TYPE = YES_ERROR;
				GCC_WARN_UNDECLARED_SELECTOR = YES;
				GCC_WARN_UNINITIALIZED_AUTOS = YES_AGGRESSIVE;
				GCC_WARN_UNUSED_FUNCTION = YES;
				GCC_WARN_UNUSED_VARIABLE = YES;
				IPHONEOS_DEPLOYMENT_TARGET = 9.0;
				MTL_ENABLE_DEBUG_INFO = NO;
				SDKROOT = iphoneos;
				VALIDATE_PRODUCT = YES;
			};
			name = Release;
		};
		04B9D7A51C932F1100595BA2 /* Debug */ = {
			isa = XCBuildConfiguration;
			buildSettings = {
				ARCHS = "$(ARCHS_STANDARD)";
				ASSETCATALOG_COMPILER_APPICON_NAME = AppIcon;
				FRAMEWORK_SEARCH_PATHS = (
					"$(inherited)",
					"$(PROJECT_DIR)/ThreeEat/ThirdParty/MBProgressHUD/ShareSDK-iOS-2.12/ShareSDK/Connection",
					"$(PROJECT_DIR)/ThreeEat/ThirdParty/MBProgressHUD/ShareSDK-iOS-2.12/ShareSDK/Core",
					"$(PROJECT_DIR)/ThreeEat/ThirdParty/MBProgressHUD/ShareSDK-iOS-2.12/ShareSDK/Extend/QQConnectSDK",
					"$(PROJECT_DIR)/ThreeEat/ThirdParty/MBProgressHUD/ShareSDK-iOS-2.12/ShareSDK",
					"$(PROJECT_DIR)/ThreeEat/ThirdParty/MBProgressHUD/ShareSDK-iOS-2.12/ShareSDK/UI",
				);
				GCC_PREFIX_HEADER = ThreeEat/ThreeEat.pch;
				INFOPLIST_FILE = ThreeEat/Info.plist;
				IPHONEOS_DEPLOYMENT_TARGET = 7.0;
				LD_RUNPATH_SEARCH_PATHS = "$(inherited) @executable_path/Frameworks";
				LIBRARY_SEARCH_PATHS = (
					"$(inherited)",
					"$(PROJECT_DIR)/ThreeEat/ThirdParty/MBProgressHUD/ShareSDK-iOS-2.12/ShareSDK/Extend/SinaWeiboSDK",
					"$(PROJECT_DIR)/ThreeEat/ThirdParty/MBProgressHUD/ShareSDK-iOS-2.12/ShareSDK/Extend/WeChatSDK",
				);
				PRODUCT_BUNDLE_IDENTIFIER = com.shihu.51kl.ThreeEat;
				PRODUCT_NAME = "$(TARGET_NAME)";
				VALID_ARCHS = "arm64 armv7 armv7s";
			};
			name = Debug;
		};
		04B9D7A61C932F1100595BA2 /* Release */ = {
			isa = XCBuildConfiguration;
			buildSettings = {
				ARCHS = "$(ARCHS_STANDARD)";
				ASSETCATALOG_COMPILER_APPICON_NAME = AppIcon;
				FRAMEWORK_SEARCH_PATHS = (
					"$(inherited)",
					"$(PROJECT_DIR)/ThreeEat/ThirdParty/MBProgressHUD/ShareSDK-iOS-2.12/ShareSDK/Connection",
					"$(PROJECT_DIR)/ThreeEat/ThirdParty/MBProgressHUD/ShareSDK-iOS-2.12/ShareSDK/Core",
					"$(PROJECT_DIR)/ThreeEat/ThirdParty/MBProgressHUD/ShareSDK-iOS-2.12/ShareSDK/Extend/QQConnectSDK",
					"$(PROJECT_DIR)/ThreeEat/ThirdParty/MBProgressHUD/ShareSDK-iOS-2.12/ShareSDK",
					"$(PROJECT_DIR)/ThreeEat/ThirdParty/MBProgressHUD/ShareSDK-iOS-2.12/ShareSDK/UI",
				);
				GCC_PREFIX_HEADER = ThreeEat/ThreeEat.pch;
				INFOPLIST_FILE = ThreeEat/Info.plist;
				IPHONEOS_DEPLOYMENT_TARGET = 7.0;
				LD_RUNPATH_SEARCH_PATHS = "$(inherited) @executable_path/Frameworks";
				LIBRARY_SEARCH_PATHS = (
					"$(inherited)",
					"$(PROJECT_DIR)/ThreeEat/ThirdParty/MBProgressHUD/ShareSDK-iOS-2.12/ShareSDK/Extend/SinaWeiboSDK",
					"$(PROJECT_DIR)/ThreeEat/ThirdParty/MBProgressHUD/ShareSDK-iOS-2.12/ShareSDK/Extend/WeChatSDK",
				);
				PRODUCT_BUNDLE_IDENTIFIER = com.shihu.51kl.ThreeEat;
				PRODUCT_NAME = "$(TARGET_NAME)";
				VALID_ARCHS = "arm64 armv7 armv7s";
			};
			name = Release;
		};
		04B9D7A81C932F1100595BA2 /* Debug */ = {
			isa = XCBuildConfiguration;
			buildSettings = {
				BUNDLE_LOADER = "$(TEST_HOST)";
				INFOPLIST_FILE = ThreeEatTests/Info.plist;
				LD_RUNPATH_SEARCH_PATHS = "$(inherited) @executable_path/Frameworks @loader_path/Frameworks";
				PRODUCT_BUNDLE_IDENTIFIER = com.shihu.51kl.ThreeEatTests;
				PRODUCT_NAME = "$(TARGET_NAME)";
				TEST_HOST = "$(BUILT_PRODUCTS_DIR)/ThreeEat.app/ThreeEat";
			};
			name = Debug;
		};
		04B9D7A91C932F1100595BA2 /* Release */ = {
			isa = XCBuildConfiguration;
			buildSettings = {
				BUNDLE_LOADER = "$(TEST_HOST)";
				INFOPLIST_FILE = ThreeEatTests/Info.plist;
				LD_RUNPATH_SEARCH_PATHS = "$(inherited) @executable_path/Frameworks @loader_path/Frameworks";
				PRODUCT_BUNDLE_IDENTIFIER = com.shihu.51kl.ThreeEatTests;
				PRODUCT_NAME = "$(TARGET_NAME)";
				TEST_HOST = "$(BUILT_PRODUCTS_DIR)/ThreeEat.app/ThreeEat";
			};
			name = Release;
		};
		04B9D7AB1C932F1100595BA2 /* Debug */ = {
			isa = XCBuildConfiguration;
			buildSettings = {
				INFOPLIST_FILE = ThreeEatUITests/Info.plist;
				LD_RUNPATH_SEARCH_PATHS = "$(inherited) @executable_path/Frameworks @loader_path/Frameworks";
				PRODUCT_BUNDLE_IDENTIFIER = com.shihu.51kl.ThreeEatUITests;
				PRODUCT_NAME = "$(TARGET_NAME)";
				TEST_TARGET_NAME = ThreeEat;
				USES_XCTRUNNER = YES;
			};
			name = Debug;
		};
		04B9D7AC1C932F1100595BA2 /* Release */ = {
			isa = XCBuildConfiguration;
			buildSettings = {
				INFOPLIST_FILE = ThreeEatUITests/Info.plist;
				LD_RUNPATH_SEARCH_PATHS = "$(inherited) @executable_path/Frameworks @loader_path/Frameworks";
				PRODUCT_BUNDLE_IDENTIFIER = com.shihu.51kl.ThreeEatUITests;
				PRODUCT_NAME = "$(TARGET_NAME)";
				TEST_TARGET_NAME = ThreeEat;
				USES_XCTRUNNER = YES;
			};
			name = Release;
		};
/* End XCBuildConfiguration section */

/* Begin XCConfigurationList section */
		04B9D7721C932F1000595BA2 /* Build configuration list for PBXProject "ThreeEat" */ = {
			isa = XCConfigurationList;
			buildConfigurations = (
				04B9D7A21C932F1100595BA2 /* Debug */,
				04B9D7A31C932F1100595BA2 /* Release */,
			);
			defaultConfigurationIsVisible = 0;
			defaultConfigurationName = Release;
		};
		04B9D7A41C932F1100595BA2 /* Build configuration list for PBXNativeTarget "ThreeEat" */ = {
			isa = XCConfigurationList;
			buildConfigurations = (
				04B9D7A51C932F1100595BA2 /* Debug */,
				04B9D7A61C932F1100595BA2 /* Release */,
			);
			defaultConfigurationIsVisible = 0;
			defaultConfigurationName = Release;
		};
		04B9D7A71C932F1100595BA2 /* Build configuration list for PBXNativeTarget "ThreeEatTests" */ = {
			isa = XCConfigurationList;
			buildConfigurations = (
				04B9D7A81C932F1100595BA2 /* Debug */,
				04B9D7A91C932F1100595BA2 /* Release */,
			);
			defaultConfigurationIsVisible = 0;
			defaultConfigurationName = Release;
		};
		04B9D7AA1C932F1100595BA2 /* Build configuration list for PBXNativeTarget "ThreeEatUITests" */ = {
			isa = XCConfigurationList;
			buildConfigurations = (
				04B9D7AB1C932F1100595BA2 /* Debug */,
				04B9D7AC1C932F1100595BA2 /* Release */,
			);
			defaultConfigurationIsVisible = 0;
			defaultConfigurationName = Release;
		};
/* End XCConfigurationList section */
	};
	rootObject = 04B9D76F1C932F1000595BA2 /* Project object */;
}
