// !$*UTF8*$!
{
	archiveVersion = 1;
	classes = {
	};
	objectVersion = 46;
	objects = {

/* Begin PBXBuildFile section */
		04B9D77C1C932F1000595BA2 /* main.m in Sources */ = {isa = PBXBuildFile; fileRef = 04B9D77B1C932F1000595BA2 /* main.m */; };
		04B9D77F1C932F1100595BA2 /* AppDelegate.m in Sources */ = {isa = PBXBuildFile; fileRef = 04B9D77E1C932F1100595BA2 /* AppDelegate.m */; };
		04B9D7821C932F1100595BA2 /* ViewController.m in Sources */ = {isa = PBXBuildFile; fileRef = 04B9D7811C932F1100595BA2 /* ViewController.m */; };
		04B9D7851C932F1100595BA2 /* Main.storyboard in Resources */ = {isa = PBXBuildFile; fileRef = 04B9D7831C932F1100595BA2 /* Main.storyboard */; };
		04B9D7871C932F1100595BA2 /* Assets.xcassets in Resources */ = {isa = PBXBuildFile; fileRef = 04B9D7861C932F1100595BA2 /* Assets.xcassets */; };
		04B9D78A1C932F1100595BA2 /* LaunchScreen.storyboard in Resources */ = {isa = PBXBuildFile; fileRef = 04B9D7881C932F1100595BA2 /* LaunchScreen.storyboard */; };
		04B9D7951C932F1100595BA2 /* ThreeEatTests.m in Sources */ = {isa = PBXBuildFile; fileRef = 04B9D7941C932F1100595BA2 /* ThreeEatTests.m */; };
		04B9D7A01C932F1100595BA2 /* ThreeEatUITests.m in Sources */ = {isa = PBXBuildFile; fileRef = 04B9D79F1C932F1100595BA2 /* ThreeEatUITests.m */; };
/* End PBXBuildFile section */

/* Begin PBXContainerItemProxy section */
		04B9D7911C932F1100595BA2 /* PBXContainerItemProxy */ = {
			isa = PBXContainerItemProxy;
			containerPortal = 04B9D76F1C932F1000595BA2 /* Project object */;
			proxyType = 1;
			remoteGlobalIDString = 04B9D7761C932F1000595BA2;
			remoteInfo = ThreeEat;
		};
		04B9D79C1C932F1100595BA2 /* PBXContainerItemProxy */ = {
			isa = PBXContainerItemProxy;
			containerPortal = 04B9D76F1C932F1000595BA2 /* Project object */;
			proxyType = 1;
			remoteGlobalIDString = 04B9D7761C932F1000595BA2;
			remoteInfo = ThreeEat;
		};
/* End PBXContainerItemProxy section */

/* Begin PBXFileReference section */
		04B9D7771C932F1000595BA2 /* ThreeEat.app */ = {isa = PBXFileReference; explicitFileType = wrapper.application; includeInIndex = 0; path = ThreeEat.app; sourceTree = BUILT_PRODUCTS_DIR; };
		04B9D77B1C932F1000595BA2 /* main.m */ = {isa = PBXFileReference; lastKnownFileType = sourcecode.c.objc; path = main.m; sourceTree = "<group>"; };
		04B9D77D1C932F1100595BA2 /* AppDelegate.h */ = {isa = PBXFileReference; lastKnownFileType = sourcecode.c.h; path = AppDelegate.h; sourceTree = "<group>"; };
		04B9D77E1C932F1100595BA2 /* AppDelegate.m */ = {isa = PBXFileReference; lastKnownFileType = sourcecode.c.objc; path = AppDelegate.m; sourceTree = "<group>"; };
		04B9D7801C932F1100595BA2 /* ViewController.h */ = {isa = PBXFileReference; lastKnownFileType = sourcecode.c.h; path = ViewController.h; sourceTree = "<group>"; };
		04B9D7811C932F1100595BA2 /* ViewController.m */ = {isa = PBXFileReference; lastKnownFileType = sourcecode.c.objc; path = ViewController.m; sourceTree = "<group>"; };
		04B9D7841C932F1100595BA2 /* Base */ = {isa = PBXFileReference; lastKnownFileType = file.storyboard; name = Base; path = Base.lproj/Main.storyboard; sourceTree = "<group>"; };
		04B9D7861C932F1100595BA2 /* Assets.xcassets */ = {isa = PBXFileReference; lastKnownFileType = folder.assetcatalog; path = Assets.xcassets; sourceTree = "<group>"; };
		04B9D7891C932F1100595BA2 /* Base */ = {isa = PBXFileReference; lastKnownFileType = file.storyboard; name = Base; path = Base.lproj/LaunchScreen.storyboard; sourceTree = "<group>"; };
		04B9D78B1C932F1100595BA2 /* Info.plist */ = {isa = PBXFileReference; lastKnownFileType = text.plist.xml; path = Info.plist; sourceTree = "<group>"; };
		04B9D7901C932F1100595BA2 /* ThreeEatTests.xctest */ = {isa = PBXFileReference; explicitFileType = wrapper.cfbundle; includeInIndex = 0; path = ThreeEatTests.xctest; sourceTree = BUILT_PRODUCTS_DIR; };
		04B9D7941C932F1100595BA2 /* ThreeEatTests.m */ = {isa = PBXFileReference; lastKnownFileType = sourcecode.c.objc; path = ThreeEatTests.m; sourceTree = "<group>"; };
		04B9D7961C932F1100595BA2 /* Info.plist */ = {isa = PBXFileReference; lastKnownFileType = text.plist.xml; path = Info.plist; sourceTree = "<group>"; };
		04B9D79B1C932F1100595BA2 /* ThreeEatUITests.xctest */ = {isa = PBXFileReference; explicitFileType = wrapper.cfbundle; includeInIndex = 0; path = ThreeEatUITests.xctest; sourceTree = BUILT_PRODUCTS_DIR; };
		04B9D79F1C932F1100595BA2 /* ThreeEatUITests.m */ = {isa = PBXFileReference; lastKnownFileType = sourcecode.c.objc; path = ThreeEatUITests.m; sourceTree = "<group>"; };
		04B9D7A11C932F1100595BA2 /* Info.plist */ = {isa = PBXFileReference; lastKnownFileType = text.plist.xml; path = Info.plist; sourceTree = "<group>"; };
/* End PBXFileReference section */

/* Begin PBXFrameworksBuildPhase section */
		04B9D7741C932F1000595BA2 /* Frameworks */ = {
			isa = PBXFrameworksBuildPhase;
			buildActionMask = 2147483647;
			files = (
			);
			runOnlyForDeploymentPostprocessing = 0;
		};
		04B9D78D1C932F1100595BA2 /* Frameworks */ = {
			isa = PBXFrameworksBuildPhase;
			buildActionMask = 2147483647;
			files = (
			);
			runOnlyForDeploymentPostprocessing = 0;
		};
		04B9D7981C932F1100595BA2 /* Frameworks */ = {
			isa = PBXFrameworksBuildPhase;
			buildActionMask = 2147483647;
			files = (
			);
			runOnlyForDeploymentPostprocessing = 0;
		};
/* End PBXFrameworksBuildPhase section */

/* Begin PBXGroup section */
		04B9D76E1C932F1000595BA2 = {
			isa = PBXGroup;
			children = (
				04B9D7791C932F1000595BA2 /* ThreeEat */,
				04B9D7931C932F1100595BA2 /* ThreeEatTests */,
				04B9D79E1C932F1100595BA2 /* ThreeEatUITests */,
				04B9D7781C932F1000595BA2 /* Products */,
			);
			sourceTree = "<group>";
		};
		04B9D7781C932F1000595BA2 /* Products */ = {
			isa = PBXGroup;
			children = (
				04B9D7771C932F1000595BA2 /* ThreeEat.app */,
				04B9D7901C932F1100595BA2 /* ThreeEatTests.xctest */,
				04B9D79B1C932F1100595BA2 /* ThreeEatUITests.xctest */,
			);
			name = Products;
			sourceTree = "<group>";
		};
		04B9D7791C932F1000595BA2 /* ThreeEat */ = {
			isa = PBXGroup;
			children = (
				04B9D77D1C932F1100595BA2 /* AppDelegate.h */,
				04B9D77E1C932F1100595BA2 /* AppDelegate.m */,
				04B9D7801C932F1100595BA2 /* ViewController.h */,
				04B9D7811C932F1100595BA2 /* ViewController.m */,
				04B9D7831C932F1100595BA2 /* Main.storyboard */,
				04B9D7861C932F1100595BA2 /* Assets.xcassets */,
				04B9D7881C932F1100595BA2 /* LaunchScreen.storyboard */,
				04B9D78B1C932F1100595BA2 /* Info.plist */,
				04B9D77A1C932F1000595BA2 /* Supporting Files */,
			);
			path = ThreeEat;
			sourceTree = "<group>";
		};
		04B9D77A1C932F1000595BA2 /* Supporting Files */ = {
			isa = PBXGroup;
			children = (
				04B9D77B1C932F1000595BA2 /* main.m */,
			);
			name = "Supporting Files";
			sourceTree = "<group>";
		};
		04B9D7931C932F1100595BA2 /* ThreeEatTests */ = {
			isa = PBXGroup;
			children = (
				04B9D7941C932F1100595BA2 /* ThreeEatTests.m */,
				04B9D7961C932F1100595BA2 /* Info.plist */,
			);
			path = ThreeEatTests;
			sourceTree = "<group>";
		};
		04B9D79E1C932F1100595BA2 /* ThreeEatUITests */ = {
			isa = PBXGroup;
			children = (
				04B9D79F1C932F1100595BA2 /* ThreeEatUITests.m */,
				04B9D7A11C932F1100595BA2 /* Info.plist */,
			);
			path = ThreeEatUITests;
			sourceTree = "<group>";
		};
/* End PBXGroup section */

/* Begin PBXNativeTarget section */
		04B9D7761C932F1000595BA2 /* ThreeEat */ = {
			isa = PBXNativeTarget;
			buildConfigurationList = 04B9D7A41C932F1100595BA2 /* Build configuration list for PBXNativeTarget "ThreeEat" */;
			buildPhases = (
				04B9D7731C932F1000595BA2 /* Sources */,
				04B9D7741C932F1000595BA2 /* Frameworks */,
				04B9D7751C932F1000595BA2 /* Resources */,
			);
			buildRules = (
			);
			dependencies = (
			);
			name = ThreeEat;
			productName = ThreeEat;
			productReference = 04B9D7771C932F1000595BA2 /* ThreeEat.app */;
			productType = "com.apple.product-type.application";
		};
		04B9D78F1C932F1100595BA2 /* ThreeEatTests */ = {
			isa = PBXNativeTarget;
			buildConfigurationList = 04B9D7A71C932F1100595BA2 /* Build configuration list for PBXNativeTarget "ThreeEatTests" */;
			buildPhases = (
				04B9D78C1C932F1100595BA2 /* Sources */,
				04B9D78D1C932F1100595BA2 /* Frameworks */,
				04B9D78E1C932F1100595BA2 /* Resources */,
			);
			buildRules = (
			);
			dependencies = (
				04B9D7921C932F1100595BA2 /* PBXTargetDependency */,
			);
			name = ThreeEatTests;
			productName = ThreeEatTests;
			productReference = 04B9D7901C932F1100595BA2 /* ThreeEatTests.xctest */;
			productType = "com.apple.product-type.bundle.unit-test";
		};
		04B9D79A1C932F1100595BA2 /* ThreeEatUITests */ = {
			isa = PBXNativeTarget;
			buildConfigurationList = 04B9D7AA1C932F1100595BA2 /* Build configuration list for PBXNativeTarget "ThreeEatUITests" */;
			buildPhases = (
				04B9D7971C932F1100595BA2 /* Sources */,
				04B9D7981C932F1100595BA2 /* Frameworks */,
				04B9D7991C932F1100595BA2 /* Resources */,
			);
			buildRules = (
			);
			dependencies = (
				04B9D79D1C932F1100595BA2 /* PBXTargetDependency */,
			);
			name = ThreeEatUITests;
			productName = ThreeEatUITests;
			productReference = 04B9D79B1C932F1100595BA2 /* ThreeEatUITests.xctest */;
			productType = "com.apple.product-type.bundle.ui-testing";
		};
/* End PBXNativeTarget section */

/* Begin PBXProject section */
		04B9D76F1C932F1000595BA2 /* Project object */ = {
			isa = PBXProject;
			attributes = {
				LastUpgradeCheck = 0700;
				ORGANIZATIONNAME = Samsun;
				TargetAttributes = {
					04B9D7761C932F1000595BA2 = {
						CreatedOnToolsVersion = 7.0.1;
					};
					04B9D78F1C932F1100595BA2 = {
						CreatedOnToolsVersion = 7.0.1;
						TestTargetID = 04B9D7761C932F1000595BA2;
					};
					04B9D79A1C932F1100595BA2 = {
						CreatedOnToolsVersion = 7.0.1;
						TestTargetID = 04B9D7761C932F1000595BA2;
					};
				};
			};
			buildConfigurationList = 04B9D7721C932F1000595BA2 /* Build configuration list for PBXProject "ThreeEat" */;
			compatibilityVersion = "Xcode 3.2";
			developmentRegion = English;
			hasScannedForEncodings = 0;
			knownRegions = (
				en,
				Base,
			);
			mainGroup = 04B9D76E1C932F1000595BA2;
			productRefGroup = 04B9D7781C932F1000595BA2 /* Products */;
			projectDirPath = "";
			projectRoot = "";
			targets = (
				04B9D7761C932F1000595BA2 /* ThreeEat */,
				04B9D78F1C932F1100595BA2 /* ThreeEatTests */,
				04B9D79A1C932F1100595BA2 /* ThreeEatUITests */,
			);
		};
/* End PBXProject section */

/* Begin PBXResourcesBuildPhase section */
		04B9D7751C932F1000595BA2 /* Resources */ = {
			isa = PBXResourcesBuildPhase;
			buildActionMask = 2147483647;
			files = (
				04B9D78A1C932F1100595BA2 /* LaunchScreen.storyboard in Resources */,
				04B9D7871C932F1100595BA2 /* Assets.xcassets in Resources */,
				04B9D7851C932F1100595BA2 /* Main.storyboard in Resources */,
			);
			runOnlyForDeploymentPostprocessing = 0;
		};
		04B9D78E1C932F1100595BA2 /* Resources */ = {
			isa = PBXResourcesBuildPhase;
			buildActionMask = 2147483647;
			files = (
			);
			runOnlyForDeploymentPostprocessing = 0;
		};
		04B9D7991C932F1100595BA2 /* Resources */ = {
			isa = PBXResourcesBuildPhase;
			buildActionMask = 2147483647;
			files = (
			);
			runOnlyForDeploymentPostprocessing = 0;
		};
/* End PBXResourcesBuildPhase section */

/* Begin PBXSourcesBuildPhase section */
		04B9D7731C932F1000595BA2 /* Sources */ = {
			isa = PBXSourcesBuildPhase;
			buildActionMask = 2147483647;
			files = (
				04B9D7821C932F1100595BA2 /* ViewController.m in Sources */,
				04B9D77F1C932F1100595BA2 /* AppDelegate.m in Sources */,
				04B9D77C1C932F1000595BA2 /* main.m in Sources */,
			);
			runOnlyForDeploymentPostprocessing = 0;
		};
		04B9D78C1C932F1100595BA2 /* Sources */ = {
			isa = PBXSourcesBuildPhase;
			buildActionMask = 2147483647;
			files = (
				04B9D7951C932F1100595BA2 /* ThreeEatTests.m in Sources */,
			);
			runOnlyForDeploymentPostprocessing = 0;
		};
		04B9D7971C932F1100595BA2 /* Sources */ = {
			isa = PBXSourcesBuildPhase;
			buildActionMask = 2147483647;
			files = (
				04B9D7A01C932F1100595BA2 /* ThreeEatUITests.m in Sources */,
			);
			runOnlyForDeploymentPostprocessing = 0;
		};
/* End PBXSourcesBuildPhase section */

/* Begin PBXTargetDependency section */
		04B9D7921C932F1100595BA2 /* PBXTargetDependency */ = {
			isa = PBXTargetDependency;
			target = 04B9D7761C932F1000595BA2 /* ThreeEat */;
			targetProxy = 04B9D7911C932F1100595BA2 /* PBXContainerItemProxy */;
		};
		04B9D79D1C932F1100595BA2 /* PBXTargetDependency */ = {
			isa = PBXTargetDependency;
			target = 04B9D7761C932F1000595BA2 /* ThreeEat */;
			targetProxy = 04B9D79C1C932F1100595BA2 /* PBXContainerItemProxy */;
		};
/* End PBXTargetDependency section */

/* Begin PBXVariantGroup section */
		04B9D7831C932F1100595BA2 /* Main.storyboard */ = {
			isa = PBXVariantGroup;
			children = (
				04B9D7841C932F1100595BA2 /* Base */,
			);
			name = Main.storyboard;
			sourceTree = "<group>";
		};
		04B9D7881C932F1100595BA2 /* LaunchScreen.storyboard */ = {
			isa = PBXVariantGroup;
			children = (
				04B9D7891C932F1100595BA2 /* Base */,
			);
			name = LaunchScreen.storyboard;
			sourceTree = "<group>";
		};
/* End PBXVariantGroup section */

/* Begin XCBuildConfiguration section */
		04B9D7A21C932F1100595BA2 /* Debug */ = {
			isa = XCBuildConfiguration;
			buildSettings = {
				ALWAYS_SEARCH_USER_PATHS = NO;
				CLANG_CXX_LANGUAGE_STANDARD = "gnu++0x";
				CLANG_CXX_LIBRARY = "libc++";
				CLANG_ENABLE_MODULES = YES;
				CLANG_ENABLE_OBJC_ARC = YES;
				CLANG_WARN_BOOL_CONVERSION = YES;
				CLANG_WARN_CONSTANT_CONVERSION = YES;
				CLANG_WARN_DIRECT_OBJC_ISA_USAGE = YES_ERROR;
				CLANG_WARN_EMPTY_BODY = YES;
				CLANG_WARN_ENUM_CONVERSION = YES;
				CLANG_WARN_INT_CONVERSION = YES;
				CLANG_WARN_OBJC_ROOT_CLASS = YES_ERROR;
				CLANG_WARN_UNREACHABLE_CODE = YES;
				CLANG_WARN__DUPLICATE_METHOD_MATCH = YES;
				"CODE_SIGN_IDENTITY[sdk=iphoneos*]" = "iPhone Developer";
				COPY_PHASE_STRIP = NO;
				DEBUG_INFORMATION_FORMAT = dwarf;
				ENABLE_STRICT_OBJC_MSGSEND = YES;
				ENABLE_TESTABILITY = YES;
				GCC_C_LANGUAGE_STANDARD = gnu99;
				GCC_DYNAMIC_NO_PIC = NO;
				GCC_NO_COMMON_BLOCKS = YES;
				GCC_OPTIMIZATION_LEVEL = 0;
				GCC_PREPROCESSOR_DEFINITIONS = (
					"DEBUG=1",
					"$(inherited)",
				);
				GCC_WARN_64_TO_32_BIT_CONVERSION = YES;
				GCC_WARN_ABOUT_RETURN_TYPE = YES_ERROR;
				GCC_WARN_UNDECLARED_SELECTOR = YES;
				GCC_WARN_UNINITIALIZED_AUTOS = YES_AGGRESSIVE;
				GCC_WARN_UNUSED_FUNCTION = YES;
				GCC_WARN_UNUSED_VARIABLE = YES;
				IPHONEOS_DEPLOYMENT_TARGET = 9.0;
				MTL_ENABLE_DEBUG_INFO = YES;
				ONLY_ACTIVE_ARCH = YES;
				SDKROOT = iphoneos;
			};
			name = Debug;
		};
		04B9D7A31C932F1100595BA2 /* Release */ = {
			isa = XCBuildConfiguration;
			buildSettings = {
				ALWAYS_SEARCH_USER_PATHS = NO;
				CLANG_CXX_LANGUAGE_STANDARD = "gnu++0x";
				CLANG_CXX_LIBRARY = "libc++";
				CLANG_ENABLE_MODULES = YES;
				CLANG_ENABLE_OBJC_ARC = YES;
				CLANG_WARN_BOOL_CONVERSION = YES;
				CLANG_WARN_CONSTANT_CONVERSION = YES;
				CLANG_WARN_DIRECT_OBJC_ISA_USAGE = YES_ERROR;
				CLANG_WARN_EMPTY_BODY = YES;
				CLANG_WARN_ENUM_CONVERSION = YES;
				CLANG_WARN_INT_CONVERSION = YES;
				CLANG_WARN_OBJC_ROOT_CLASS = YES_ERROR;
				CLANG_WARN_UNREACHABLE_CODE = YES;
				CLANG_WARN__DUPLICATE_METHOD_MATCH = YES;
				"CODE_SIGN_IDENTITY[sdk=iphoneos*]" = "iPhone Developer";
				COPY_PHASE_STRIP = NO;
				DEBUG_INFORMATION_FORMAT = "dwarf-with-dsym";
				ENABLE_NS_ASSERTIONS = NO;
				ENABLE_STRICT_OBJC_MSGSEND = YES;
				GCC_C_LANGUAGE_STANDARD = gnu99;
				GCC_NO_COMMON_BLOCKS = YES;
				GCC_WARN_64_TO_32_BIT_CONVERSION = YES;
				GCC_WARN_ABOUT_RETURN_TYPE = YES_ERROR;
				GCC_WARN_UNDECLARED_SELECTOR = YES;
				GCC_WARN_UNINITIALIZED_AUTOS = YES_AGGRESSIVE;
				GCC_WARN_UNUSED_FUNCTION = YES;
				GCC_WARN_UNUSED_VARIABLE = YES;
				IPHONEOS_DEPLOYMENT_TARGET = 9.0;
				MTL_ENABLE_DEBUG_INFO = NO;
				SDKROOT = iphoneos;
				VALIDATE_PRODUCT = YES;
			};
			name = Release;
		};
		04B9D7A51C932F1100595BA2 /* Debug */ = {
			isa = XCBuildConfiguration;
			buildSettings = {
				ASSETCATALOG_COMPILER_APPICON_NAME = AppIcon;
				INFOPLIST_FILE = ThreeEat/Info.plist;
				LD_RUNPATH_SEARCH_PATHS = "$(inherited) @executable_path/Frameworks";
				PRODUCT_BUNDLE_IDENTIFIER = com.shihu.51kl.ThreeEat;
				PRODUCT_NAME = "$(TARGET_NAME)";
			};
			name = Debug;
		};
		04B9D7A61C932F1100595BA2 /* Release */ = {
			isa = XCBuildConfiguration;
			buildSettings = {
				ASSETCATALOG_COMPILER_APPICON_NAME = AppIcon;
				INFOPLIST_FILE = ThreeEat/Info.plist;
				LD_RUNPATH_SEARCH_PATHS = "$(inherited) @executable_path/Frameworks";
				PRODUCT_BUNDLE_IDENTIFIER = com.shihu.51kl.ThreeEat;
				PRODUCT_NAME = "$(TARGET_NAME)";
			};
			name = Release;
		};
		04B9D7A81C932F1100595BA2 /* Debug */ = {
			isa = XCBuildConfiguration;
			buildSettings = {
				BUNDLE_LOADER = "$(TEST_HOST)";
				INFOPLIST_FILE = ThreeEatTests/Info.plist;
				LD_RUNPATH_SEARCH_PATHS = "$(inherited) @executable_path/Frameworks @loader_path/Frameworks";
				PRODUCT_BUNDLE_IDENTIFIER = com.shihu.51kl.ThreeEatTests;
				PRODUCT_NAME = "$(TARGET_NAME)";
				TEST_HOST = "$(BUILT_PRODUCTS_DIR)/ThreeEat.app/ThreeEat";
			};
			name = Debug;
		};
		04B9D7A91C932F1100595BA2 /* Release */ = {
			isa = XCBuildConfiguration;
			buildSettings = {
				BUNDLE_LOADER = "$(TEST_HOST)";
				INFOPLIST_FILE = ThreeEatTests/Info.plist;
				LD_RUNPATH_SEARCH_PATHS = "$(inherited) @executable_path/Frameworks @loader_path/Frameworks";
				PRODUCT_BUNDLE_IDENTIFIER = com.shihu.51kl.ThreeEatTests;
				PRODUCT_NAME = "$(TARGET_NAME)";
				TEST_HOST = "$(BUILT_PRODUCTS_DIR)/ThreeEat.app/ThreeEat";
			};
			name = Release;
		};
		04B9D7AB1C932F1100595BA2 /* Debug */ = {
			isa = XCBuildConfiguration;
			buildSettings = {
				INFOPLIST_FILE = ThreeEatUITests/Info.plist;
				LD_RUNPATH_SEARCH_PATHS = "$(inherited) @executable_path/Frameworks @loader_path/Frameworks";
				PRODUCT_BUNDLE_IDENTIFIER = com.shihu.51kl.ThreeEatUITests;
				PRODUCT_NAME = "$(TARGET_NAME)";
				TEST_TARGET_NAME = ThreeEat;
				USES_XCTRUNNER = YES;
			};
			name = Debug;
		};
		04B9D7AC1C932F1100595BA2 /* Release */ = {
			isa = XCBuildConfiguration;
			buildSettings = {
				INFOPLIST_FILE = ThreeEatUITests/Info.plist;
				LD_RUNPATH_SEARCH_PATHS = "$(inherited) @executable_path/Frameworks @loader_path/Frameworks";
				PRODUCT_BUNDLE_IDENTIFIER = com.shihu.51kl.ThreeEatUITests;
				PRODUCT_NAME = "$(TARGET_NAME)";
				TEST_TARGET_NAME = ThreeEat;
				USES_XCTRUNNER = YES;
			};
			name = Release;
		};
/* End XCBuildConfiguration section */

/* Begin XCConfigurationList section */
		04B9D7721C932F1000595BA2 /* Build configuration list for PBXProject "ThreeEat" */ = {
			isa = XCConfigurationList;
			buildConfigurations = (
				04B9D7A21C932F1100595BA2 /* Debug */,
				04B9D7A31C932F1100595BA2 /* Release */,
			);
			defaultConfigurationIsVisible = 0;
			defaultConfigurationName = Release;
		};
		04B9D7A41C932F1100595BA2 /* Build configuration list for PBXNativeTarget "ThreeEat" */ = {
			isa = XCConfigurationList;
			buildConfigurations = (
				04B9D7A51C932F1100595BA2 /* Debug */,
				04B9D7A61C932F1100595BA2 /* Release */,
			);
			defaultConfigurationIsVisible = 0;
		};
		04B9D7A71C932F1100595BA2 /* Build configuration list for PBXNativeTarget "ThreeEatTests" */ = {
			isa = XCConfigurationList;
			buildConfigurations = (
				04B9D7A81C932F1100595BA2 /* Debug */,
				04B9D7A91C932F1100595BA2 /* Release */,
			);
			defaultConfigurationIsVisible = 0;
		};
		04B9D7AA1C932F1100595BA2 /* Build configuration list for PBXNativeTarget "ThreeEatUITests" */ = {
			isa = XCConfigurationList;
			buildConfigurations = (
				04B9D7AB1C932F1100595BA2 /* Debug */,
				04B9D7AC1C932F1100595BA2 /* Release */,
			);
			defaultConfigurationIsVisible = 0;
		};
/* End XCConfigurationList section */
	};
	rootObject = 04B9D76F1C932F1000595BA2 /* Project object */;
}
